// !$*UTF8*$!
{
	archiveVersion = 1;
	classes = {
	};
	objectVersion = 46;
	objects = {

/* Begin PBXBuildFile section */
		147383CC1A5731A200085349 /* TWCoreDataHelper.m in Sources */ = {isa = PBXBuildFile; fileRef = 147383CB1A5731A200085349 /* TWCoreDataHelper.m */; };
		147383CF1A5734B700085349 /* TWPhotosCollectionViewController.m in Sources */ = {isa = PBXBuildFile; fileRef = 147383CE1A5734B700085349 /* TWPhotosCollectionViewController.m */; };
		147383D21A57369600085349 /* TWPhotoCollectionViewCell.m in Sources */ = {isa = PBXBuildFile; fileRef = 147383D11A57369600085349 /* TWPhotoCollectionViewCell.m */; };
		149C87C91A4CA1D7008EED46 /* main.m in Sources */ = {isa = PBXBuildFile; fileRef = 149C87C81A4CA1D7008EED46 /* main.m */; };
		149C87CC1A4CA1D7008EED46 /* AppDelegate.m in Sources */ = {isa = PBXBuildFile; fileRef = 149C87CB1A4CA1D7008EED46 /* AppDelegate.m */; };
		149C87CF1A4CA1D7008EED46 /* ThousandWords.xcdatamodeld in Sources */ = {isa = PBXBuildFile; fileRef = 149C87CD1A4CA1D7008EED46 /* ThousandWords.xcdatamodeld */; };
		149C87D21A4CA1D7008EED46 /* ViewController.m in Sources */ = {isa = PBXBuildFile; fileRef = 149C87D11A4CA1D7008EED46 /* ViewController.m */; };
		149C87D51A4CA1D7008EED46 /* Main.storyboard in Resources */ = {isa = PBXBuildFile; fileRef = 149C87D31A4CA1D7008EED46 /* Main.storyboard */; };
		149C87D71A4CA1D7008EED46 /* Images.xcassets in Resources */ = {isa = PBXBuildFile; fileRef = 149C87D61A4CA1D7008EED46 /* Images.xcassets */; };
		149C87DA1A4CA1D7008EED46 /* LaunchScreen.xib in Resources */ = {isa = PBXBuildFile; fileRef = 149C87D81A4CA1D7008EED46 /* LaunchScreen.xib */; };
		149C87E61A4CA1D7008EED46 /* ThousandWordsTests.m in Sources */ = {isa = PBXBuildFile; fileRef = 149C87E51A4CA1D7008EED46 /* ThousandWordsTests.m */; };
		149C87F11A4CA3EB008EED46 /* TWAlbumTableViewController.m in Sources */ = {isa = PBXBuildFile; fileRef = 149C87F01A4CA3EB008EED46 /* TWAlbumTableViewController.m */; };
		14F27DCD1A575B1500849E39 /* Album.m in Sources */ = {isa = PBXBuildFile; fileRef = 14F27DCC1A575B1500849E39 /* Album.m */; };
		14F27DD01A575B1600849E39 /* Photo.m in Sources */ = {isa = PBXBuildFile; fileRef = 14F27DCF1A575B1600849E39 /* Photo.m */; };
		14F27DD41A575C1900849E39 /* TWPictureDataTransformer.m in Sources */ = {isa = PBXBuildFile; fileRef = 14F27DD31A575C1900849E39 /* TWPictureDataTransformer.m */; };
		14F27DD71A578AF200849E39 /* TWPhotoDetailViewController.m in Sources */ = {isa = PBXBuildFile; fileRef = 14F27DD61A578AF200849E39 /* TWPhotoDetailViewController.m */; };
/* End PBXBuildFile section */

/* Begin PBXContainerItemProxy section */
		149C87E01A4CA1D7008EED46 /* PBXContainerItemProxy */ = {
			isa = PBXContainerItemProxy;
			containerPortal = 149C87BB1A4CA1D7008EED46 /* Project object */;
			proxyType = 1;
			remoteGlobalIDString = 149C87C21A4CA1D7008EED46;
			remoteInfo = ThousandWords;
		};
/* End PBXContainerItemProxy section */

/* Begin PBXFileReference section */
		147383CA1A5731A200085349 /* TWCoreDataHelper.h */ = {isa = PBXFileReference; fileEncoding = 4; lastKnownFileType = sourcecode.c.h; path = TWCoreDataHelper.h; sourceTree = "<group>"; };
		147383CB1A5731A200085349 /* TWCoreDataHelper.m */ = {isa = PBXFileReference; fileEncoding = 4; lastKnownFileType = sourcecode.c.objc; path = TWCoreDataHelper.m; sourceTree = "<group>"; };
		147383CD1A5734B700085349 /* TWPhotosCollectionViewController.h */ = {isa = PBXFileReference; fileEncoding = 4; lastKnownFileType = sourcecode.c.h; path = TWPhotosCollectionViewController.h; sourceTree = "<group>"; };
		147383CE1A5734B700085349 /* TWPhotosCollectionViewController.m */ = {isa = PBXFileReference; fileEncoding = 4; lastKnownFileType = sourcecode.c.objc; path = TWPhotosCollectionViewController.m; sourceTree = "<group>"; };
		147383D01A57369600085349 /* TWPhotoCollectionViewCell.h */ = {isa = PBXFileReference; fileEncoding = 4; lastKnownFileType = sourcecode.c.h; path = TWPhotoCollectionViewCell.h; sourceTree = "<group>"; };
		147383D11A57369600085349 /* TWPhotoCollectionViewCell.m */ = {isa = PBXFileReference; fileEncoding = 4; lastKnownFileType = sourcecode.c.objc; path = TWPhotoCollectionViewCell.m; sourceTree = "<group>"; };
		149C87C31A4CA1D7008EED46 /* ThousandWords.app */ = {isa = PBXFileReference; explicitFileType = wrapper.application; includeInIndex = 0; path = ThousandWords.app; sourceTree = BUILT_PRODUCTS_DIR; };
		149C87C71A4CA1D7008EED46 /* Info.plist */ = {isa = PBXFileReference; lastKnownFileType = text.plist.xml; path = Info.plist; sourceTree = "<group>"; };
		149C87C81A4CA1D7008EED46 /* main.m */ = {isa = PBXFileReference; lastKnownFileType = sourcecode.c.objc; path = main.m; sourceTree = "<group>"; };
		149C87CA1A4CA1D7008EED46 /* AppDelegate.h */ = {isa = PBXFileReference; lastKnownFileType = sourcecode.c.h; path = AppDelegate.h; sourceTree = "<group>"; };
		149C87CB1A4CA1D7008EED46 /* AppDelegate.m */ = {isa = PBXFileReference; lastKnownFileType = sourcecode.c.objc; path = AppDelegate.m; sourceTree = "<group>"; };
		149C87CE1A4CA1D7008EED46 /* ThousandWords.xcdatamodel */ = {isa = PBXFileReference; lastKnownFileType = wrapper.xcdatamodel; path = ThousandWords.xcdatamodel; sourceTree = "<group>"; };
		149C87D01A4CA1D7008EED46 /* ViewController.h */ = {isa = PBXFileReference; lastKnownFileType = sourcecode.c.h; path = ViewController.h; sourceTree = "<group>"; };
		149C87D11A4CA1D7008EED46 /* ViewController.m */ = {isa = PBXFileReference; lastKnownFileType = sourcecode.c.objc; path = ViewController.m; sourceTree = "<group>"; };
		149C87D41A4CA1D7008EED46 /* Base */ = {isa = PBXFileReference; lastKnownFileType = file.storyboard; name = Base; path = Base.lproj/Main.storyboard; sourceTree = "<group>"; };
		149C87D61A4CA1D7008EED46 /* Images.xcassets */ = {isa = PBXFileReference; lastKnownFileType = folder.assetcatalog; path = Images.xcassets; sourceTree = "<group>"; };
		149C87D91A4CA1D7008EED46 /* Base */ = {isa = PBXFileReference; lastKnownFileType = file.xib; name = Base; path = Base.lproj/LaunchScreen.xib; sourceTree = "<group>"; };
		149C87DF1A4CA1D7008EED46 /* ThousandWordsTests.xctest */ = {isa = PBXFileReference; explicitFileType = wrapper.cfbundle; includeInIndex = 0; path = ThousandWordsTests.xctest; sourceTree = BUILT_PRODUCTS_DIR; };
		149C87E41A4CA1D7008EED46 /* Info.plist */ = {isa = PBXFileReference; lastKnownFileType = text.plist.xml; path = Info.plist; sourceTree = "<group>"; };
		149C87E51A4CA1D7008EED46 /* ThousandWordsTests.m */ = {isa = PBXFileReference; lastKnownFileType = sourcecode.c.objc; path = ThousandWordsTests.m; sourceTree = "<group>"; };
		149C87EF1A4CA3EB008EED46 /* TWAlbumTableViewController.h */ = {isa = PBXFileReference; fileEncoding = 4; lastKnownFileType = sourcecode.c.h; path = TWAlbumTableViewController.h; sourceTree = "<group>"; };
		149C87F01A4CA3EB008EED46 /* TWAlbumTableViewController.m */ = {isa = PBXFileReference; fileEncoding = 4; lastKnownFileType = sourcecode.c.objc; path = TWAlbumTableViewController.m; sourceTree = "<group>"; };
		14F27DCB1A575B1500849E39 /* Album.h */ = {isa = PBXFileReference; fileEncoding = 4; lastKnownFileType = sourcecode.c.h; path = Album.h; sourceTree = "<group>"; };
		14F27DCC1A575B1500849E39 /* Album.m */ = {isa = PBXFileReference; fileEncoding = 4; lastKnownFileType = sourcecode.c.objc; path = Album.m; sourceTree = "<group>"; };
		14F27DCE1A575B1600849E39 /* Photo.h */ = {isa = PBXFileReference; fileEncoding = 4; lastKnownFileType = sourcecode.c.h; path = Photo.h; sourceTree = "<group>"; };
		14F27DCF1A575B1600849E39 /* Photo.m */ = {isa = PBXFileReference; fileEncoding = 4; lastKnownFileType = sourcecode.c.objc; path = Photo.m; sourceTree = "<group>"; };
		14F27DD21A575C1900849E39 /* TWPictureDataTransformer.h */ = {isa = PBXFileReference; fileEncoding = 4; lastKnownFileType = sourcecode.c.h; path = TWPictureDataTransformer.h; sourceTree = "<group>"; };
		14F27DD31A575C1900849E39 /* TWPictureDataTransformer.m */ = {isa = PBXFileReference; fileEncoding = 4; lastKnownFileType = sourcecode.c.objc; path = TWPictureDataTransformer.m; sourceTree = "<group>"; };
		14F27DD51A578AF200849E39 /* TWPhotoDetailViewController.h */ = {isa = PBXFileReference; fileEncoding = 4; lastKnownFileType = sourcecode.c.h; path = TWPhotoDetailViewController.h; sourceTree = "<group>"; };
		14F27DD61A578AF200849E39 /* TWPhotoDetailViewController.m */ = {isa = PBXFileReference; fileEncoding = 4; lastKnownFileType = sourcecode.c.objc; path = TWPhotoDetailViewController.m; sourceTree = "<group>"; };
/* End PBXFileReference section */

/* Begin PBXFrameworksBuildPhase section */
		149C87C01A4CA1D7008EED46 /* Frameworks */ = {
			isa = PBXFrameworksBuildPhase;
			buildActionMask = 2147483647;
			files = (
			);
			runOnlyForDeploymentPostprocessing = 0;
		};
		149C87DC1A4CA1D7008EED46 /* Frameworks */ = {
			isa = PBXFrameworksBuildPhase;
			buildActionMask = 2147483647;
			files = (
			);
			runOnlyForDeploymentPostprocessing = 0;
		};
/* End PBXFrameworksBuildPhase section */

/* Begin PBXGroup section */
		149C87BA1A4CA1D7008EED46 = {
			isa = PBXGroup;
			children = (
				149C87C51A4CA1D7008EED46 /* ThousandWords */,
				149C87E21A4CA1D7008EED46 /* ThousandWordsTests */,
				149C87C41A4CA1D7008EED46 /* Products */,
			);
			sourceTree = "<group>";
		};
		149C87C41A4CA1D7008EED46 /* Products */ = {
			isa = PBXGroup;
			children = (
				149C87C31A4CA1D7008EED46 /* ThousandWords.app */,
				149C87DF1A4CA1D7008EED46 /* ThousandWordsTests.xctest */,
			);
			name = Products;
			sourceTree = "<group>";
		};
		149C87C51A4CA1D7008EED46 /* ThousandWords */ = {
			isa = PBXGroup;
			children = (
				149C87D01A4CA1D7008EED46 /* ViewController.h */,
				149C87D11A4CA1D7008EED46 /* ViewController.m */,
				149C87D31A4CA1D7008EED46 /* Main.storyboard */,
				147383D01A57369600085349 /* TWPhotoCollectionViewCell.h */,
				147383D11A57369600085349 /* TWPhotoCollectionViewCell.m */,
				147383CD1A5734B700085349 /* TWPhotosCollectionViewController.h */,
				147383CE1A5734B700085349 /* TWPhotosCollectionViewController.m */,
				14F27DD51A578AF200849E39 /* TWPhotoDetailViewController.h */,
				14F27DD61A578AF200849E39 /* TWPhotoDetailViewController.m */,
				149C87EF1A4CA3EB008EED46 /* TWAlbumTableViewController.h */,
				149C87F01A4CA3EB008EED46 /* TWAlbumTableViewController.m */,
				149C87D61A4CA1D7008EED46 /* Images.xcassets */,
				149C87D81A4CA1D7008EED46 /* LaunchScreen.xib */,
				149C87CD1A4CA1D7008EED46 /* ThousandWords.xcdatamodeld */,
				14F27DD11A575B5200849E39 /* CoreData */,
				149C87C61A4CA1D7008EED46 /* Supporting Files */,
				147383CA1A5731A200085349 /* TWCoreDataHelper.h */,
				147383CB1A5731A200085349 /* TWCoreDataHelper.m */,
			);
			path = ThousandWords;
			sourceTree = "<group>";
		};
		149C87C61A4CA1D7008EED46 /* Supporting Files */ = {
			isa = PBXGroup;
			children = (
				149C87CA1A4CA1D7008EED46 /* AppDelegate.h */,
				149C87CB1A4CA1D7008EED46 /* AppDelegate.m */,
				149C87C71A4CA1D7008EED46 /* Info.plist */,
				149C87C81A4CA1D7008EED46 /* main.m */,
			);
			name = "Supporting Files";
			sourceTree = "<group>";
		};
		149C87E21A4CA1D7008EED46 /* ThousandWordsTests */ = {
			isa = PBXGroup;
			children = (
				149C87E51A4CA1D7008EED46 /* ThousandWordsTests.m */,
				149C87E31A4CA1D7008EED46 /* Supporting Files */,
			);
			path = ThousandWordsTests;
			sourceTree = "<group>";
		};
		149C87E31A4CA1D7008EED46 /* Supporting Files */ = {
			isa = PBXGroup;
			children = (
				149C87E41A4CA1D7008EED46 /* Info.plist */,
			);
			name = "Supporting Files";
			sourceTree = "<group>";
		};
		14F27DD11A575B5200849E39 /* CoreData */ = {
			isa = PBXGroup;
			children = (
				14F27DCE1A575B1600849E39 /* Photo.h */,
				14F27DCF1A575B1600849E39 /* Photo.m */,
				14F27DCB1A575B1500849E39 /* Album.h */,
				14F27DCC1A575B1500849E39 /* Album.m */,
				14F27DD21A575C1900849E39 /* TWPictureDataTransformer.h */,
				14F27DD31A575C1900849E39 /* TWPictureDataTransformer.m */,
			);
			name = CoreData;
			sourceTree = "<group>";
		};
/* End PBXGroup section */

/* Begin PBXNativeTarget section */
		149C87C21A4CA1D7008EED46 /* ThousandWords */ = {
			isa = PBXNativeTarget;
			buildConfigurationList = 149C87E91A4CA1D7008EED46 /* Build configuration list for PBXNativeTarget "ThousandWords" */;
			buildPhases = (
				149C87BF1A4CA1D7008EED46 /* Sources */,
				149C87C01A4CA1D7008EED46 /* Frameworks */,
				149C87C11A4CA1D7008EED46 /* Resources */,
			);
			buildRules = (
			);
			dependencies = (
			);
			name = ThousandWords;
			productName = ThousandWords;
			productReference = 149C87C31A4CA1D7008EED46 /* ThousandWords.app */;
			productType = "com.apple.product-type.application";
		};
		149C87DE1A4CA1D7008EED46 /* ThousandWordsTests */ = {
			isa = PBXNativeTarget;
			buildConfigurationList = 149C87EC1A4CA1D7008EED46 /* Build configuration list for PBXNativeTarget "ThousandWordsTests" */;
			buildPhases = (
				149C87DB1A4CA1D7008EED46 /* Sources */,
				149C87DC1A4CA1D7008EED46 /* Frameworks */,
				149C87DD1A4CA1D7008EED46 /* Resources */,
			);
			buildRules = (
			);
			dependencies = (
				149C87E11A4CA1D7008EED46 /* PBXTargetDependency */,
			);
			name = ThousandWordsTests;
			productName = ThousandWordsTests;
			productReference = 149C87DF1A4CA1D7008EED46 /* ThousandWordsTests.xctest */;
			productType = "com.apple.product-type.bundle.unit-test";
		};
/* End PBXNativeTarget section */

/* Begin PBXProject section */
		149C87BB1A4CA1D7008EED46 /* Project object */ = {
			isa = PBXProject;
			attributes = {
				LastUpgradeCheck = 0610;
				ORGANIZATIONNAME = zachary.weiner;
				TargetAttributes = {
					149C87C21A4CA1D7008EED46 = {
						CreatedOnToolsVersion = 6.1.1;
					};
					149C87DE1A4CA1D7008EED46 = {
						CreatedOnToolsVersion = 6.1.1;
						TestTargetID = 149C87C21A4CA1D7008EED46;
					};
				};
			};
			buildConfigurationList = 149C87BE1A4CA1D7008EED46 /* Build configuration list for PBXProject "ThousandWords" */;
			compatibilityVersion = "Xcode 3.2";
			developmentRegion = English;
			hasScannedForEncodings = 0;
			knownRegions = (
				en,
				Base,
			);
			mainGroup = 149C87BA1A4CA1D7008EED46;
			productRefGroup = 149C87C41A4CA1D7008EED46 /* Products */;
			projectDirPath = "";
			projectRoot = "";
			targets = (
				149C87C21A4CA1D7008EED46 /* ThousandWords */,
				149C87DE1A4CA1D7008EED46 /* ThousandWordsTests */,
			);
		};
/* End PBXProject section */

/* Begin PBXResourcesBuildPhase section */
		149C87C11A4CA1D7008EED46 /* Resources */ = {
			isa = PBXResourcesBuildPhase;
			buildActionMask = 2147483647;
			files = (
				149C87D51A4CA1D7008EED46 /* Main.storyboard in Resources */,
				149C87DA1A4CA1D7008EED46 /* LaunchScreen.xib in Resources */,
				149C87D71A4CA1D7008EED46 /* Images.xcassets in Resources */,
			);
			runOnlyForDeploymentPostprocessing = 0;
		};
		149C87DD1A4CA1D7008EED46 /* Resources */ = {
			isa = PBXResourcesBuildPhase;
			buildActionMask = 2147483647;
			files = (
			);
			runOnlyForDeploymentPostprocessing = 0;
		};
/* End PBXResourcesBuildPhase section */

/* Begin PBXSourcesBuildPhase section */
		149C87BF1A4CA1D7008EED46 /* Sources */ = {
			isa = PBXSourcesBuildPhase;
			buildActionMask = 2147483647;
			files = (
				147383CF1A5734B700085349 /* TWPhotosCollectionViewController.m in Sources */,
				149C87CF1A4CA1D7008EED46 /* ThousandWords.xcdatamodeld in Sources */,
				149C87CC1A4CA1D7008EED46 /* AppDelegate.m in Sources */,
				14F27DD71A578AF200849E39 /* TWPhotoDetailViewController.m in Sources */,
				14F27DCD1A575B1500849E39 /* Album.m in Sources */,
				147383CC1A5731A200085349 /* TWCoreDataHelper.m in Sources */,
				149C87F11A4CA3EB008EED46 /* TWAlbumTableViewController.m in Sources */,
				149C87D21A4CA1D7008EED46 /* ViewController.m in Sources */,
				14F27DD01A575B1600849E39 /* Photo.m in Sources */,
				14F27DD41A575C1900849E39 /* TWPictureDataTransformer.m in Sources */,
				147383D21A57369600085349 /* TWPhotoCollectionViewCell.m in Sources */,
				149C87C91A4CA1D7008EED46 /* main.m in Sources */,
			);
			runOnlyForDeploymentPostprocessing = 0;
		};
		149C87DB1A4CA1D7008EED46 /* Sources */ = {
			isa = PBXSourcesBuildPhase;
			buildActionMask = 2147483647;
			files = (
				149C87E61A4CA1D7008EED46 /* ThousandWordsTests.m in Sources */,
			);
			runOnlyForDeploymentPostprocessing = 0;
		};
/* End PBXSourcesBuildPhase section */

/* Begin PBXTargetDependency section */
		149C87E11A4CA1D7008EED46 /* PBXTargetDependency */ = {
			isa = PBXTargetDependency;
			target = 149C87C21A4CA1D7008EED46 /* ThousandWords */;
			targetProxy = 149C87E01A4CA1D7008EED46 /* PBXContainerItemProxy */;
		};
/* End PBXTargetDependency section */

/* Begin PBXVariantGroup section */
		149C87D31A4CA1D7008EED46 /* Main.storyboard */ = {
			isa = PBXVariantGroup;
			children = (
				149C87D41A4CA1D7008EED46 /* Base */,
			);
			name = Main.storyboard;
			sourceTree = "<group>";
		};
		149C87D81A4CA1D7008EED46 /* LaunchScreen.xib */ = {
			isa = PBXVariantGroup;
			children = (
				149C87D91A4CA1D7008EED46 /* Base */,
			);
			name = LaunchScreen.xib;
			sourceTree = "<group>";
		};
/* End PBXVariantGroup section */

/* Begin XCBuildConfiguration section */
		149C87E71A4CA1D7008EED46 /* Debug */ = {
			isa = XCBuildConfiguration;
			buildSettings = {
				ALWAYS_SEARCH_USER_PATHS = NO;
				CLANG_CXX_LANGUAGE_STANDARD = "gnu++0x";
				CLANG_CXX_LIBRARY = "libc++";
				CLANG_ENABLE_MODULES = YES;
				CLANG_ENABLE_OBJC_ARC = YES;
				CLANG_WARN_BOOL_CONVERSION = YES;
				CLANG_WARN_CONSTANT_CONVERSION = YES;
				CLANG_WARN_DIRECT_OBJC_ISA_USAGE = YES_ERROR;
				CLANG_WARN_EMPTY_BODY = YES;
				CLANG_WARN_ENUM_CONVERSION = YES;
				CLANG_WARN_INT_CONVERSION = YES;
				CLANG_WARN_OBJC_ROOT_CLASS = YES_ERROR;
				CLANG_WARN_UNREACHABLE_CODE = YES;
				CLANG_WARN__DUPLICATE_METHOD_MATCH = YES;
				"CODE_SIGN_IDENTITY[sdk=iphoneos*]" = "iPhone Developer";
				COPY_PHASE_STRIP = NO;
				ENABLE_STRICT_OBJC_MSGSEND = YES;
				GCC_C_LANGUAGE_STANDARD = gnu99;
				GCC_DYNAMIC_NO_PIC = NO;
				GCC_OPTIMIZATION_LEVEL = 0;
				GCC_PREPROCESSOR_DEFINITIONS = (
					"DEBUG=1",
					"$(inherited)",
				);
				GCC_SYMBOLS_PRIVATE_EXTERN = NO;
				GCC_WARN_64_TO_32_BIT_CONVERSION = YES;
				GCC_WARN_ABOUT_RETURN_TYPE = YES_ERROR;
				GCC_WARN_UNDECLARED_SELECTOR = YES;
				GCC_WARN_UNINITIALIZED_AUTOS = YES_AGGRESSIVE;
				GCC_WARN_UNUSED_FUNCTION = YES;
				GCC_WARN_UNUSED_VARIABLE = YES;
				IPHONEOS_DEPLOYMENT_TARGET = 8.1;
				MTL_ENABLE_DEBUG_INFO = YES;
				ONLY_ACTIVE_ARCH = YES;
				SDKROOT = iphoneos;
				TARGETED_DEVICE_FAMILY = "1,2";
			};
			name = Debug;
		};
		149C87E81A4CA1D7008EED46 /* Release */ = {
			isa = XCBuildConfiguration;
			buildSettings = {
				ALWAYS_SEARCH_USER_PATHS = NO;
				CLANG_CXX_LANGUAGE_STANDARD = "gnu++0x";
				CLANG_CXX_LIBRARY = "libc++";
				CLANG_ENABLE_MODULES = YES;
				CLANG_ENABLE_OBJC_ARC = YES;
				CLANG_WARN_BOOL_CONVERSION = YES;
				CLANG_WARN_CONSTANT_CONVERSION = YES;
				CLANG_WARN_DIRECT_OBJC_ISA_USAGE = YES_ERROR;
				CLANG_WARN_EMPTY_BODY = YES;
				CLANG_WARN_ENUM_CONVERSION = YES;
				CLANG_WARN_INT_CONVERSION = YES;
				CLANG_WARN_OBJC_ROOT_CLASS = YES_ERROR;
				CLANG_WARN_UNREACHABLE_CODE = YES;
				CLANG_WARN__DUPLICATE_METHOD_MATCH = YES;
				"CODE_SIGN_IDENTITY[sdk=iphoneos*]" = "iPhone Developer";
				COPY_PHASE_STRIP = YES;
				ENABLE_NS_ASSERTIONS = NO;
				ENABLE_STRICT_OBJC_MSGSEND = YES;
				GCC_C_LANGUAGE_STANDARD = gnu99;
				GCC_WARN_64_TO_32_BIT_CONVERSION = YES;
				GCC_WARN_ABOUT_RETURN_TYPE = YES_ERROR;
				GCC_WARN_UNDECLARED_SELECTOR = YES;
				GCC_WARN_UNINITIALIZED_AUTOS = YES_AGGRESSIVE;
				GCC_WARN_UNUSED_FUNCTION = YES;
				GCC_WARN_UNUSED_VARIABLE = YES;
				IPHONEOS_DEPLOYMENT_TARGET = 8.1;
				MTL_ENABLE_DEBUG_INFO = NO;
				SDKROOT = iphoneos;
				TARGETED_DEVICE_FAMILY = "1,2";
				VALIDATE_PRODUCT = YES;
			};
			name = Release;
		};
		149C87EA1A4CA1D7008EED46 /* Debug */ = {
			isa = XCBuildConfiguration;
			buildSettings = {
				ASSETCATALOG_COMPILER_APPICON_NAME = AppIcon;
				INFOPLIST_FILE = ThousandWords/Info.plist;
				LD_RUNPATH_SEARCH_PATHS = "$(inherited) @executable_path/Frameworks";
				PRODUCT_NAME = "$(TARGET_NAME)";
			};
			name = Debug;
		};
		149C87EB1A4CA1D7008EED46 /* Release */ = {
			isa = XCBuildConfiguration;
			buildSettings = {
				ASSETCATALOG_COMPILER_APPICON_NAME = AppIcon;
				INFOPLIST_FILE = ThousandWords/Info.plist;
				LD_RUNPATH_SEARCH_PATHS = "$(inherited) @executable_path/Frameworks";
				PRODUCT_NAME = "$(TARGET_NAME)";
			};
			name = Release;
		};
		149C87ED1A4CA1D7008EED46 /* Debug */ = {
			isa = XCBuildConfiguration;
			buildSettings = {
				BUNDLE_LOADER = "$(TEST_HOST)";
				FRAMEWORK_SEARCH_PATHS = (
					"$(SDKROOT)/Developer/Library/Frameworks",
					"$(inherited)",
				);
				GCC_PREPROCESSOR_DEFINITIONS = (
					"DEBUG=1",
					"$(inherited)",
				);
				INFOPLIST_FILE = ThousandWordsTests/Info.plist;
				LD_RUNPATH_SEARCH_PATHS = "$(inherited) @executable_path/Frameworks @loader_path/Frameworks";
				PRODUCT_NAME = "$(TARGET_NAME)";
				TEST_HOST = "$(BUILT_PRODUCTS_DIR)/ThousandWords.app/ThousandWords";
			};
			name = Debug;
		};
		149C87EE1A4CA1D7008EED46 /* Release */ = {
			isa = XCBuildConfiguration;
			buildSettings = {
				BUNDLE_LOADER = "$(TEST_HOST)";
				FRAMEWORK_SEARCH_PATHS = (
					"$(SDKROOT)/Developer/Library/Frameworks",
					"$(inherited)",
				);
				INFOPLIST_FILE = ThousandWordsTests/Info.plist;
				LD_RUNPATH_SEARCH_PATHS = "$(inherited) @executable_path/Frameworks @loader_path/Frameworks";
				PRODUCT_NAME = "$(TARGET_NAME)";
				TEST_HOST = "$(BUILT_PRODUCTS_DIR)/ThousandWords.app/ThousandWords";
			};
			name = Release;
		};
/* End XCBuildConfiguration section */

/* Begin XCConfigurationList section */
		149C87BE1A4CA1D7008EED46 /* Build configuration list for PBXProject "ThousandWords" */ = {
			isa = XCConfigurationList;
			buildConfigurations = (
				149C87E71A4CA1D7008EED46 /* Debug */,
				149C87E81A4CA1D7008EED46 /* Release */,
			);
			defaultConfigurationIsVisible = 0;
			defaultConfigurationName = Release;
		};
		149C87E91A4CA1D7008EED46 /* Build configuration list for PBXNativeTarget "ThousandWords" */ = {
			isa = XCConfigurationList;
			buildConfigurations = (
				149C87EA1A4CA1D7008EED46 /* Debug */,
				149C87EB1A4CA1D7008EED46 /* Release */,
			);
			defaultConfigurationIsVisible = 0;
			defaultConfigurationName = Release;
		};
		149C87EC1A4CA1D7008EED46 /* Build configuration list for PBXNativeTarget "ThousandWordsTests" */ = {
			isa = XCConfigurationList;
			buildConfigurations = (
				149C87ED1A4CA1D7008EED46 /* Debug */,
				149C87EE1A4CA1D7008EED46 /* Release */,
			);
			defaultConfigurationIsVisible = 0;
			defaultConfigurationName = Release;
		};
/* End XCConfigurationList section */

/* Begin XCVersionGroup section */
		149C87CD1A4CA1D7008EED46 /* ThousandWords.xcdatamodeld */ = {
			isa = XCVersionGroup;
			children = (
				149C87CE1A4CA1D7008EED46 /* ThousandWords.xcdatamodel */,
			);
			currentVersion = 149C87CE1A4CA1D7008EED46 /* ThousandWords.xcdatamodel */;
			path = ThousandWords.xcdatamodeld;
			sourceTree = "<group>";
			versionGroupType = wrapper.xcdatamodel;
		};
/* End XCVersionGroup section */
	};
	rootObject = 149C87BB1A4CA1D7008EED46 /* Project object */;
}
