// !$*UTF8*$!
{
	archiveVersion = 1;
	classes = {
	};
	objectVersion = 46;
	objects = {

/* Begin PBXBuildFile section */
		1449234A1A584CF30009D306 /* MUProfileViewController.m in Sources */ = {isa = PBXBuildFile; fileRef = 144923491A584CF30009D306 /* MUProfileViewController.m */; };
		1491E0271A58826F00A38479 /* MUHomeViewController.m in Sources */ = {isa = PBXBuildFile; fileRef = 1491E0261A58826F00A38479 /* MUHomeViewController.m */; };
		1491E02B1A5884EF00A38479 /* MUSettingsViewController.m in Sources */ = {isa = PBXBuildFile; fileRef = 1491E02A1A5884EF00A38479 /* MUSettingsViewController.m */; };
		1491E02E1A58889400A38479 /* MUEditProfileViewController.m in Sources */ = {isa = PBXBuildFile; fileRef = 1491E02D1A58889400A38479 /* MUEditProfileViewController.m */; };
		1491E0321A58A43A00A38479 /* ParseCreateUsersHelper.m in Sources */ = {isa = PBXBuildFile; fileRef = 1491E0311A58A43A00A38479 /* ParseCreateUsersHelper.m */; };
		14E678EA1A57BFB8000AD141 /* main.m in Sources */ = {isa = PBXBuildFile; fileRef = 14E678E91A57BFB8000AD141 /* main.m */; };
		14E678ED1A57BFB8000AD141 /* AppDelegate.m in Sources */ = {isa = PBXBuildFile; fileRef = 14E678EC1A57BFB8000AD141 /* AppDelegate.m */; };
		14E678F61A57BFB8000AD141 /* Main.storyboard in Resources */ = {isa = PBXBuildFile; fileRef = 14E678F41A57BFB8000AD141 /* Main.storyboard */; };
		14E678F81A57BFB8000AD141 /* Images.xcassets in Resources */ = {isa = PBXBuildFile; fileRef = 14E678F71A57BFB8000AD141 /* Images.xcassets */; };
		14E678FB1A57BFB8000AD141 /* LaunchScreen.xib in Resources */ = {isa = PBXBuildFile; fileRef = 14E678F91A57BFB8000AD141 /* LaunchScreen.xib */; };
		14E679071A57BFB8000AD141 /* MatchedUpTests.m in Sources */ = {isa = PBXBuildFile; fileRef = 14E679061A57BFB8000AD141 /* MatchedUpTests.m */; };
		14E679161A57C0A0000AD141 /* MULoginViewController.m in Sources */ = {isa = PBXBuildFile; fileRef = 14E679151A57C0A0000AD141 /* MULoginViewController.m */; };
		14E679221A57E7B1000AD141 /* MUConstants.m in Sources */ = {isa = PBXBuildFile; fileRef = 14E679211A57E7B1000AD141 /* MUConstants.m */; };
		2B70979351012EA2B4D835AD /* libPods.a in Frameworks */ = {isa = PBXBuildFile; fileRef = 8684DB4BAFDBC0482E588C10 /* libPods.a */; };
/* End PBXBuildFile section */

/* Begin PBXContainerItemProxy section */
		14E679011A57BFB8000AD141 /* PBXContainerItemProxy */ = {
			isa = PBXContainerItemProxy;
			containerPortal = 14E678DC1A57BFB8000AD141 /* Project object */;
			proxyType = 1;
			remoteGlobalIDString = 14E678E31A57BFB8000AD141;
			remoteInfo = MatchedUp;
		};
/* End PBXContainerItemProxy section */

/* Begin PBXFileReference section */
		144923481A584CF30009D306 /* MUProfileViewController.h */ = {isa = PBXFileReference; fileEncoding = 4; lastKnownFileType = sourcecode.c.h; path = MUProfileViewController.h; sourceTree = "<group>"; };
		144923491A584CF30009D306 /* MUProfileViewController.m */ = {isa = PBXFileReference; fileEncoding = 4; lastKnownFileType = sourcecode.c.objc; path = MUProfileViewController.m; sourceTree = "<group>"; };
		1491E0251A58826F00A38479 /* MUHomeViewController.h */ = {isa = PBXFileReference; fileEncoding = 4; lastKnownFileType = sourcecode.c.h; path = MUHomeViewController.h; sourceTree = "<group>"; };
		1491E0261A58826F00A38479 /* MUHomeViewController.m */ = {isa = PBXFileReference; fileEncoding = 4; lastKnownFileType = sourcecode.c.objc; path = MUHomeViewController.m; sourceTree = "<group>"; };
		1491E0291A5884EF00A38479 /* MUSettingsViewController.h */ = {isa = PBXFileReference; fileEncoding = 4; lastKnownFileType = sourcecode.c.h; path = MUSettingsViewController.h; sourceTree = "<group>"; };
		1491E02A1A5884EF00A38479 /* MUSettingsViewController.m */ = {isa = PBXFileReference; fileEncoding = 4; lastKnownFileType = sourcecode.c.objc; path = MUSettingsViewController.m; sourceTree = "<group>"; };
		1491E02C1A58889400A38479 /* MUEditProfileViewController.h */ = {isa = PBXFileReference; fileEncoding = 4; lastKnownFileType = sourcecode.c.h; path = MUEditProfileViewController.h; sourceTree = "<group>"; };
		1491E02D1A58889400A38479 /* MUEditProfileViewController.m */ = {isa = PBXFileReference; fileEncoding = 4; lastKnownFileType = sourcecode.c.objc; path = MUEditProfileViewController.m; sourceTree = "<group>"; };
		1491E0301A58A43A00A38479 /* ParseCreateUsersHelper.h */ = {isa = PBXFileReference; fileEncoding = 4; lastKnownFileType = sourcecode.c.h; path = ParseCreateUsersHelper.h; sourceTree = "<group>"; };
		1491E0311A58A43A00A38479 /* ParseCreateUsersHelper.m */ = {isa = PBXFileReference; fileEncoding = 4; lastKnownFileType = sourcecode.c.objc; path = ParseCreateUsersHelper.m; sourceTree = "<group>"; };
		14E678E41A57BFB8000AD141 /* MatchedUp.app */ = {isa = PBXFileReference; explicitFileType = wrapper.application; includeInIndex = 0; path = MatchedUp.app; sourceTree = BUILT_PRODUCTS_DIR; };
		14E678E81A57BFB8000AD141 /* Info.plist */ = {isa = PBXFileReference; lastKnownFileType = text.plist.xml; path = Info.plist; sourceTree = "<group>"; };
		14E678E91A57BFB8000AD141 /* main.m */ = {isa = PBXFileReference; lastKnownFileType = sourcecode.c.objc; path = main.m; sourceTree = "<group>"; };
		14E678EB1A57BFB8000AD141 /* AppDelegate.h */ = {isa = PBXFileReference; lastKnownFileType = sourcecode.c.h; path = AppDelegate.h; sourceTree = "<group>"; };
		14E678EC1A57BFB8000AD141 /* AppDelegate.m */ = {isa = PBXFileReference; lastKnownFileType = sourcecode.c.objc; path = AppDelegate.m; sourceTree = "<group>"; };
		14E678F51A57BFB8000AD141 /* Base */ = {isa = PBXFileReference; lastKnownFileType = file.storyboard; name = Base; path = Base.lproj/Main.storyboard; sourceTree = "<group>"; };
		14E678F71A57BFB8000AD141 /* Images.xcassets */ = {isa = PBXFileReference; lastKnownFileType = folder.assetcatalog; path = Images.xcassets; sourceTree = "<group>"; };
		14E678FA1A57BFB8000AD141 /* Base */ = {isa = PBXFileReference; lastKnownFileType = file.xib; name = Base; path = Base.lproj/LaunchScreen.xib; sourceTree = "<group>"; };
		14E679001A57BFB8000AD141 /* MatchedUpTests.xctest */ = {isa = PBXFileReference; explicitFileType = wrapper.cfbundle; includeInIndex = 0; path = MatchedUpTests.xctest; sourceTree = BUILT_PRODUCTS_DIR; };
		14E679051A57BFB8000AD141 /* Info.plist */ = {isa = PBXFileReference; lastKnownFileType = text.plist.xml; path = Info.plist; sourceTree = "<group>"; };
		14E679061A57BFB8000AD141 /* MatchedUpTests.m */ = {isa = PBXFileReference; lastKnownFileType = sourcecode.c.objc; path = MatchedUpTests.m; sourceTree = "<group>"; };
		14E679141A57C0A0000AD141 /* MULoginViewController.h */ = {isa = PBXFileReference; fileEncoding = 4; lastKnownFileType = sourcecode.c.h; path = MULoginViewController.h; sourceTree = "<group>"; };
		14E679151A57C0A0000AD141 /* MULoginViewController.m */ = {isa = PBXFileReference; fileEncoding = 4; lastKnownFileType = sourcecode.c.objc; path = MULoginViewController.m; sourceTree = "<group>"; };
		14E6791F1A57C8DB000AD141 /* matchedup-pch.pch */ = {isa = PBXFileReference; lastKnownFileType = sourcecode.c.h; path = "matchedup-pch.pch"; sourceTree = "<group>"; };
		14E679201A57E7B1000AD141 /* MUConstants.h */ = {isa = PBXFileReference; fileEncoding = 4; lastKnownFileType = sourcecode.c.h; path = MUConstants.h; sourceTree = "<group>"; };
		14E679211A57E7B1000AD141 /* MUConstants.m */ = {isa = PBXFileReference; fileEncoding = 4; lastKnownFileType = sourcecode.c.objc; path = MUConstants.m; sourceTree = "<group>"; };
		8684DB4BAFDBC0482E588C10 /* libPods.a */ = {isa = PBXFileReference; explicitFileType = archive.ar; includeInIndex = 0; path = libPods.a; sourceTree = BUILT_PRODUCTS_DIR; };
		A08C322B7007682B36D0E644 /* Pods.debug.xcconfig */ = {isa = PBXFileReference; includeInIndex = 1; lastKnownFileType = text.xcconfig; name = Pods.debug.xcconfig; path = "Pods/Target Support Files/Pods/Pods.debug.xcconfig"; sourceTree = "<group>"; };
		EE66EDD904E55F999F17580A /* Pods.release.xcconfig */ = {isa = PBXFileReference; includeInIndex = 1; lastKnownFileType = text.xcconfig; name = Pods.release.xcconfig; path = "Pods/Target Support Files/Pods/Pods.release.xcconfig"; sourceTree = "<group>"; };
/* End PBXFileReference section */

/* Begin PBXFrameworksBuildPhase section */
		14E678E11A57BFB8000AD141 /* Frameworks */ = {
			isa = PBXFrameworksBuildPhase;
			buildActionMask = 2147483647;
			files = (
				2B70979351012EA2B4D835AD /* libPods.a in Frameworks */,
			);
			runOnlyForDeploymentPostprocessing = 0;
		};
		14E678FD1A57BFB8000AD141 /* Frameworks */ = {
			isa = PBXFrameworksBuildPhase;
			buildActionMask = 2147483647;
			files = (
			);
			runOnlyForDeploymentPostprocessing = 0;
		};
/* End PBXFrameworksBuildPhase section */

/* Begin PBXGroup section */
		144923471A584CC00009D306 /* Profile */ = {
			isa = PBXGroup;
			children = (
				144923481A584CF30009D306 /* MUProfileViewController.h */,
				144923491A584CF30009D306 /* MUProfileViewController.m */,
				1491E02C1A58889400A38479 /* MUEditProfileViewController.h */,
				1491E02D1A58889400A38479 /* MUEditProfileViewController.m */,
			);
			name = Profile;
			sourceTree = "<group>";
		};
		1491E0241A58825700A38479 /* Home */ = {
			isa = PBXGroup;
			children = (
				1491E0251A58826F00A38479 /* MUHomeViewController.h */,
				1491E0261A58826F00A38479 /* MUHomeViewController.m */,
			);
			name = Home;
			sourceTree = "<group>";
		};
		1491E0281A5884DE00A38479 /* Settings */ = {
			isa = PBXGroup;
			children = (
				1491E0291A5884EF00A38479 /* MUSettingsViewController.h */,
				1491E02A1A5884EF00A38479 /* MUSettingsViewController.m */,
			);
			name = Settings;
			sourceTree = "<group>";
		};
		1491E02F1A58A41B00A38479 /* Helpers */ = {
			isa = PBXGroup;
			children = (
				1491E0301A58A43A00A38479 /* ParseCreateUsersHelper.h */,
				1491E0311A58A43A00A38479 /* ParseCreateUsersHelper.m */,
			);
			name = Helpers;
			sourceTree = "<group>";
		};
		14E678DB1A57BFB8000AD141 = {
			isa = PBXGroup;
			children = (
				14E678E61A57BFB8000AD141 /* MatchedUp */,
				14E679031A57BFB8000AD141 /* MatchedUpTests */,
				14E678E51A57BFB8000AD141 /* Products */,
				B7D230C8BCA2F85F529E298F /* Pods */,
				6B3049A5D179D36A75036A0D /* Frameworks */,
			);
			sourceTree = "<group>";
		};
		14E678E51A57BFB8000AD141 /* Products */ = {
			isa = PBXGroup;
			children = (
				14E678E41A57BFB8000AD141 /* MatchedUp.app */,
				14E679001A57BFB8000AD141 /* MatchedUpTests.xctest */,
			);
			name = Products;
			sourceTree = "<group>";
		};
		14E678E61A57BFB8000AD141 /* MatchedUp */ = {
			isa = PBXGroup;
			children = (
				1491E02F1A58A41B00A38479 /* Helpers */,
				1491E0281A5884DE00A38479 /* Settings */,
				1491E0241A58825700A38479 /* Home */,
				144923471A584CC00009D306 /* Profile */,
				14E679131A57C089000AD141 /* Login */,
				14E678EB1A57BFB8000AD141 /* AppDelegate.h */,
				14E678EC1A57BFB8000AD141 /* AppDelegate.m */,
				14E678F41A57BFB8000AD141 /* Main.storyboard */,
				14E678F71A57BFB8000AD141 /* Images.xcassets */,
				14E678F91A57BFB8000AD141 /* LaunchScreen.xib */,
				14E678E71A57BFB8000AD141 /* Supporting Files */,
			);
			path = MatchedUp;
			sourceTree = "<group>";
		};
		14E678E71A57BFB8000AD141 /* Supporting Files */ = {
			isa = PBXGroup;
			children = (
				14E678E81A57BFB8000AD141 /* Info.plist */,
				14E678E91A57BFB8000AD141 /* main.m */,
				14E6791F1A57C8DB000AD141 /* matchedup-pch.pch */,
				14E679201A57E7B1000AD141 /* MUConstants.h */,
				14E679211A57E7B1000AD141 /* MUConstants.m */,
			);
			name = "Supporting Files";
			sourceTree = "<group>";
		};
		14E679031A57BFB8000AD141 /* MatchedUpTests */ = {
			isa = PBXGroup;
			children = (
				14E679061A57BFB8000AD141 /* MatchedUpTests.m */,
				14E679041A57BFB8000AD141 /* Supporting Files */,
			);
			path = MatchedUpTests;
			sourceTree = "<group>";
		};
		14E679041A57BFB8000AD141 /* Supporting Files */ = {
			isa = PBXGroup;
			children = (
				14E679051A57BFB8000AD141 /* Info.plist */,
			);
			name = "Supporting Files";
			sourceTree = "<group>";
		};
		14E679131A57C089000AD141 /* Login */ = {
			isa = PBXGroup;
			children = (
				14E679141A57C0A0000AD141 /* MULoginViewController.h */,
				14E679151A57C0A0000AD141 /* MULoginViewController.m */,
			);
			name = Login;
			sourceTree = "<group>";
		};
		6B3049A5D179D36A75036A0D /* Frameworks */ = {
			isa = PBXGroup;
			children = (
				8684DB4BAFDBC0482E588C10 /* libPods.a */,
			);
			name = Frameworks;
			sourceTree = "<group>";
		};
		B7D230C8BCA2F85F529E298F /* Pods */ = {
			isa = PBXGroup;
			children = (
				A08C322B7007682B36D0E644 /* Pods.debug.xcconfig */,
				EE66EDD904E55F999F17580A /* Pods.release.xcconfig */,
			);
			name = Pods;
			sourceTree = "<group>";
		};
/* End PBXGroup section */

/* Begin PBXNativeTarget section */
		14E678E31A57BFB8000AD141 /* MatchedUp */ = {
			isa = PBXNativeTarget;
			buildConfigurationList = 14E6790A1A57BFB8000AD141 /* Build configuration list for PBXNativeTarget "MatchedUp" */;
			buildPhases = (
				E5D89B4E93C51B6886C0B05C /* Check Pods Manifest.lock */,
				14E678E01A57BFB8000AD141 /* Sources */,
				14E678E11A57BFB8000AD141 /* Frameworks */,
				14E678E21A57BFB8000AD141 /* Resources */,
				A2DE050CC0176EB3A2E384F4 /* Copy Pods Resources */,
			);
			buildRules = (
			);
			dependencies = (
			);
			name = MatchedUp;
			productName = MatchedUp;
			productReference = 14E678E41A57BFB8000AD141 /* MatchedUp.app */;
			productType = "com.apple.product-type.application";
		};
		14E678FF1A57BFB8000AD141 /* MatchedUpTests */ = {
			isa = PBXNativeTarget;
			buildConfigurationList = 14E6790D1A57BFB8000AD141 /* Build configuration list for PBXNativeTarget "MatchedUpTests" */;
			buildPhases = (
				14E678FC1A57BFB8000AD141 /* Sources */,
				14E678FD1A57BFB8000AD141 /* Frameworks */,
				14E678FE1A57BFB8000AD141 /* Resources */,
			);
			buildRules = (
			);
			dependencies = (
				14E679021A57BFB8000AD141 /* PBXTargetDependency */,
			);
			name = MatchedUpTests;
			productName = MatchedUpTests;
			productReference = 14E679001A57BFB8000AD141 /* MatchedUpTests.xctest */;
			productType = "com.apple.product-type.bundle.unit-test";
		};
/* End PBXNativeTarget section */

/* Begin PBXProject section */
		14E678DC1A57BFB8000AD141 /* Project object */ = {
			isa = PBXProject;
			attributes = {
				LastUpgradeCheck = 0610;
				ORGANIZATIONNAME = com.mostbestawesome;
				TargetAttributes = {
					14E678E31A57BFB8000AD141 = {
						CreatedOnToolsVersion = 6.1.1;
					};
					14E678FF1A57BFB8000AD141 = {
						CreatedOnToolsVersion = 6.1.1;
						TestTargetID = 14E678E31A57BFB8000AD141;
					};
				};
			};
			buildConfigurationList = 14E678DF1A57BFB8000AD141 /* Build configuration list for PBXProject "MatchedUp" */;
			compatibilityVersion = "Xcode 3.2";
			developmentRegion = English;
			hasScannedForEncodings = 0;
			knownRegions = (
				en,
				Base,
			);
			mainGroup = 14E678DB1A57BFB8000AD141;
			productRefGroup = 14E678E51A57BFB8000AD141 /* Products */;
			projectDirPath = "";
			projectRoot = "";
			targets = (
				14E678E31A57BFB8000AD141 /* MatchedUp */,
				14E678FF1A57BFB8000AD141 /* MatchedUpTests */,
			);
		};
/* End PBXProject section */

/* Begin PBXResourcesBuildPhase section */
		14E678E21A57BFB8000AD141 /* Resources */ = {
			isa = PBXResourcesBuildPhase;
			buildActionMask = 2147483647;
			files = (
				14E678F61A57BFB8000AD141 /* Main.storyboard in Resources */,
				14E678FB1A57BFB8000AD141 /* LaunchScreen.xib in Resources */,
				14E678F81A57BFB8000AD141 /* Images.xcassets in Resources */,
			);
			runOnlyForDeploymentPostprocessing = 0;
		};
		14E678FE1A57BFB8000AD141 /* Resources */ = {
			isa = PBXResourcesBuildPhase;
			buildActionMask = 2147483647;
			files = (
			);
			runOnlyForDeploymentPostprocessing = 0;
		};
/* End PBXResourcesBuildPhase section */

/* Begin PBXShellScriptBuildPhase section */
		A2DE050CC0176EB3A2E384F4 /* Copy Pods Resources */ = {
			isa = PBXShellScriptBuildPhase;
			buildActionMask = 2147483647;
			files = (
			);
			inputPaths = (
			);
			name = "Copy Pods Resources";
			outputPaths = (
			);
			runOnlyForDeploymentPostprocessing = 0;
			shellPath = /bin/sh;
			shellScript = "\"${SRCROOT}/Pods/Target Support Files/Pods/Pods-resources.sh\"\n";
			showEnvVarsInLog = 0;
		};
		E5D89B4E93C51B6886C0B05C /* Check Pods Manifest.lock */ = {
			isa = PBXShellScriptBuildPhase;
			buildActionMask = 2147483647;
			files = (
			);
			inputPaths = (
			);
			name = "Check Pods Manifest.lock";
			outputPaths = (
			);
			runOnlyForDeploymentPostprocessing = 0;
			shellPath = /bin/sh;
			shellScript = "diff \"${PODS_ROOT}/../Podfile.lock\" \"${PODS_ROOT}/Manifest.lock\" > /dev/null\nif [[ $? != 0 ]] ; then\n    cat << EOM\nerror: The sandbox is not in sync with the Podfile.lock. Run 'pod install' or update your CocoaPods installation.\nEOM\n    exit 1\nfi\n";
			showEnvVarsInLog = 0;
		};
/* End PBXShellScriptBuildPhase section */

/* Begin PBXSourcesBuildPhase section */
		14E678E01A57BFB8000AD141 /* Sources */ = {
			isa = PBXSourcesBuildPhase;
			buildActionMask = 2147483647;
			files = (
				1491E02E1A58889400A38479 /* MUEditProfileViewController.m in Sources */,
				14E678ED1A57BFB8000AD141 /* AppDelegate.m in Sources */,
				1491E0271A58826F00A38479 /* MUHomeViewController.m in Sources */,
				14E679161A57C0A0000AD141 /* MULoginViewController.m in Sources */,
				1449234A1A584CF30009D306 /* MUProfileViewController.m in Sources */,
				14E678EA1A57BFB8000AD141 /* main.m in Sources */,
				1491E02B1A5884EF00A38479 /* MUSettingsViewController.m in Sources */,
				1491E0321A58A43A00A38479 /* ParseCreateUsersHelper.m in Sources */,
				14E679221A57E7B1000AD141 /* MUConstants.m in Sources */,
			);
			runOnlyForDeploymentPostprocessing = 0;
		};
		14E678FC1A57BFB8000AD141 /* Sources */ = {
			isa = PBXSourcesBuildPhase;
			buildActionMask = 2147483647;
			files = (
				14E679071A57BFB8000AD141 /* MatchedUpTests.m in Sources */,
			);
			runOnlyForDeploymentPostprocessing = 0;
		};
/* End PBXSourcesBuildPhase section */

/* Begin PBXTargetDependency section */
		14E679021A57BFB8000AD141 /* PBXTargetDependency */ = {
			isa = PBXTargetDependency;
			target = 14E678E31A57BFB8000AD141 /* MatchedUp */;
			targetProxy = 14E679011A57BFB8000AD141 /* PBXContainerItemProxy */;
		};
/* End PBXTargetDependency section */

/* Begin PBXVariantGroup section */
		14E678F41A57BFB8000AD141 /* Main.storyboard */ = {
			isa = PBXVariantGroup;
			children = (
				14E678F51A57BFB8000AD141 /* Base */,
			);
			name = Main.storyboard;
			sourceTree = "<group>";
		};
		14E678F91A57BFB8000AD141 /* LaunchScreen.xib */ = {
			isa = PBXVariantGroup;
			children = (
				14E678FA1A57BFB8000AD141 /* Base */,
			);
			name = LaunchScreen.xib;
			sourceTree = "<group>";
		};
/* End PBXVariantGroup section */

/* Begin XCBuildConfiguration section */
		14E679081A57BFB8000AD141 /* Debug */ = {
			isa = XCBuildConfiguration;
			buildSettings = {
				ALWAYS_SEARCH_USER_PATHS = NO;
				CLANG_CXX_LANGUAGE_STANDARD = "gnu++0x";
				CLANG_CXX_LIBRARY = "libc++";
				CLANG_ENABLE_MODULES = YES;
				CLANG_ENABLE_OBJC_ARC = YES;
				CLANG_WARN_BOOL_CONVERSION = YES;
				CLANG_WARN_CONSTANT_CONVERSION = YES;
				CLANG_WARN_DIRECT_OBJC_ISA_USAGE = YES_ERROR;
				CLANG_WARN_EMPTY_BODY = YES;
				CLANG_WARN_ENUM_CONVERSION = YES;
				CLANG_WARN_INT_CONVERSION = YES;
				CLANG_WARN_OBJC_ROOT_CLASS = YES_ERROR;
				CLANG_WARN_UNREACHABLE_CODE = YES;
				CLANG_WARN__DUPLICATE_METHOD_MATCH = YES;
				"CODE_SIGN_IDENTITY[sdk=iphoneos*]" = "iPhone Developer";
				COPY_PHASE_STRIP = NO;
				ENABLE_STRICT_OBJC_MSGSEND = YES;
				GCC_C_LANGUAGE_STANDARD = gnu99;
				GCC_DYNAMIC_NO_PIC = NO;
				GCC_OPTIMIZATION_LEVEL = 0;
				GCC_PREPROCESSOR_DEFINITIONS = (
					"DEBUG=1",
					"$(inherited)",
				);
				GCC_SYMBOLS_PRIVATE_EXTERN = NO;
				GCC_WARN_64_TO_32_BIT_CONVERSION = YES;
				GCC_WARN_ABOUT_RETURN_TYPE = YES_ERROR;
				GCC_WARN_UNDECLARED_SELECTOR = YES;
				GCC_WARN_UNINITIALIZED_AUTOS = YES_AGGRESSIVE;
				GCC_WARN_UNUSED_FUNCTION = YES;
				GCC_WARN_UNUSED_VARIABLE = YES;
				IPHONEOS_DEPLOYMENT_TARGET = 8.1;
				MTL_ENABLE_DEBUG_INFO = YES;
				ONLY_ACTIVE_ARCH = YES;
				SDKROOT = iphoneos;
				TARGETED_DEVICE_FAMILY = "1,2";
			};
			name = Debug;
		};
		14E679091A57BFB8000AD141 /* Release */ = {
			isa = XCBuildConfiguration;
			buildSettings = {
				ALWAYS_SEARCH_USER_PATHS = NO;
				CLANG_CXX_LANGUAGE_STANDARD = "gnu++0x";
				CLANG_CXX_LIBRARY = "libc++";
				CLANG_ENABLE_MODULES = YES;
				CLANG_ENABLE_OBJC_ARC = YES;
				CLANG_WARN_BOOL_CONVERSION = YES;
				CLANG_WARN_CONSTANT_CONVERSION = YES;
				CLANG_WARN_DIRECT_OBJC_ISA_USAGE = YES_ERROR;
				CLANG_WARN_EMPTY_BODY = YES;
				CLANG_WARN_ENUM_CONVERSION = YES;
				CLANG_WARN_INT_CONVERSION = YES;
				CLANG_WARN_OBJC_ROOT_CLASS = YES_ERROR;
				CLANG_WARN_UNREACHABLE_CODE = YES;
				CLANG_WARN__DUPLICATE_METHOD_MATCH = YES;
				"CODE_SIGN_IDENTITY[sdk=iphoneos*]" = "iPhone Developer";
				COPY_PHASE_STRIP = YES;
				ENABLE_NS_ASSERTIONS = NO;
				ENABLE_STRICT_OBJC_MSGSEND = YES;
				GCC_C_LANGUAGE_STANDARD = gnu99;
				GCC_WARN_64_TO_32_BIT_CONVERSION = YES;
				GCC_WARN_ABOUT_RETURN_TYPE = YES_ERROR;
				GCC_WARN_UNDECLARED_SELECTOR = YES;
				GCC_WARN_UNINITIALIZED_AUTOS = YES_AGGRESSIVE;
				GCC_WARN_UNUSED_FUNCTION = YES;
				GCC_WARN_UNUSED_VARIABLE = YES;
				IPHONEOS_DEPLOYMENT_TARGET = 8.1;
				MTL_ENABLE_DEBUG_INFO = NO;
				SDKROOT = iphoneos;
				TARGETED_DEVICE_FAMILY = "1,2";
				VALIDATE_PRODUCT = YES;
			};
			name = Release;
		};
		14E6790B1A57BFB8000AD141 /* Debug */ = {
			isa = XCBuildConfiguration;
			baseConfigurationReference = A08C322B7007682B36D0E644 /* Pods.debug.xcconfig */;
			buildSettings = {
				ASSETCATALOG_COMPILER_APPICON_NAME = AppIcon;
				INFOPLIST_FILE = MatchedUp/Info.plist;
				LD_RUNPATH_SEARCH_PATHS = "$(inherited) @executable_path/Frameworks";
				PRODUCT_NAME = "$(TARGET_NAME)";
				"USER_HEADER_SEARCH_PATHS[arch=*]" = "";
			};
			name = Debug;
		};
		14E6790C1A57BFB8000AD141 /* Release */ = {
			isa = XCBuildConfiguration;
			baseConfigurationReference = EE66EDD904E55F999F17580A /* Pods.release.xcconfig */;
			buildSettings = {
				ASSETCATALOG_COMPILER_APPICON_NAME = AppIcon;
				INFOPLIST_FILE = MatchedUp/Info.plist;
				LD_RUNPATH_SEARCH_PATHS = "$(inherited) @executable_path/Frameworks";
				PRODUCT_NAME = "$(TARGET_NAME)";
			};
			name = Release;
		};
		14E6790E1A57BFB8000AD141 /* Debug */ = {
			isa = XCBuildConfiguration;
			buildSettings = {
				BUNDLE_LOADER = "$(TEST_HOST)";
				FRAMEWORK_SEARCH_PATHS = (
					"$(SDKROOT)/Developer/Library/Frameworks",
					"$(inherited)",
				);
				GCC_PREPROCESSOR_DEFINITIONS = (
					"DEBUG=1",
					"$(inherited)",
				);
				INFOPLIST_FILE = MatchedUpTests/Info.plist;
				LD_RUNPATH_SEARCH_PATHS = "$(inherited) @executable_path/Frameworks @loader_path/Frameworks";
				PRODUCT_NAME = "$(TARGET_NAME)";
				TEST_HOST = "$(BUILT_PRODUCTS_DIR)/MatchedUp.app/MatchedUp";
			};
			name = Debug;
		};
		14E6790F1A57BFB8000AD141 /* Release */ = {
			isa = XCBuildConfiguration;
			buildSettings = {
				BUNDLE_LOADER = "$(TEST_HOST)";
				FRAMEWORK_SEARCH_PATHS = (
					"$(SDKROOT)/Developer/Library/Frameworks",
					"$(inherited)",
				);
				INFOPLIST_FILE = MatchedUpTests/Info.plist;
				LD_RUNPATH_SEARCH_PATHS = "$(inherited) @executable_path/Frameworks @loader_path/Frameworks";
				PRODUCT_NAME = "$(TARGET_NAME)";
				TEST_HOST = "$(BUILT_PRODUCTS_DIR)/MatchedUp.app/MatchedUp";
			};
			name = Release;
		};
/* End XCBuildConfiguration section */

/* Begin XCConfigurationList section */
		14E678DF1A57BFB8000AD141 /* Build configuration list for PBXProject "MatchedUp" */ = {
			isa = XCConfigurationList;
			buildConfigurations = (
				14E679081A57BFB8000AD141 /* Debug */,
				14E679091A57BFB8000AD141 /* Release */,
			);
			defaultConfigurationIsVisible = 0;
			defaultConfigurationName = Release;
		};
		14E6790A1A57BFB8000AD141 /* Build configuration list for PBXNativeTarget "MatchedUp" */ = {
			isa = XCConfigurationList;
			buildConfigurations = (
				14E6790B1A57BFB8000AD141 /* Debug */,
				14E6790C1A57BFB8000AD141 /* Release */,
			);
			defaultConfigurationIsVisible = 0;
			defaultConfigurationName = Release;
		};
		14E6790D1A57BFB8000AD141 /* Build configuration list for PBXNativeTarget "MatchedUpTests" */ = {
			isa = XCConfigurationList;
			buildConfigurations = (
				14E6790E1A57BFB8000AD141 /* Debug */,
				14E6790F1A57BFB8000AD141 /* Release */,
			);
			defaultConfigurationIsVisible = 0;
			defaultConfigurationName = Release;
		};
/* End XCConfigurationList section */
	};
	rootObject = 14E678DC1A57BFB8000AD141 /* Project object */;
}
