// !$*UTF8*$!
{
	archiveVersion = 1;
	classes = {
	};
	objectVersion = 46;
	objects = {

/* Begin PBXBuildFile section */
		14D103301A3DD59600FEE6FB /* AppDelegate.swift in Sources */ = {isa = PBXBuildFile; fileRef = 14D1032F1A3DD59600FEE6FB /* AppDelegate.swift */; };
		14D103321A3DD59600FEE6FB /* ViewController.swift in Sources */ = {isa = PBXBuildFile; fileRef = 14D103311A3DD59600FEE6FB /* ViewController.swift */; };
		14D103351A3DD59600FEE6FB /* Main.storyboard in Resources */ = {isa = PBXBuildFile; fileRef = 14D103331A3DD59600FEE6FB /* Main.storyboard */; };
		14D103371A3DD59600FEE6FB /* Images.xcassets in Resources */ = {isa = PBXBuildFile; fileRef = 14D103361A3DD59600FEE6FB /* Images.xcassets */; };
		14D1033A1A3DD59600FEE6FB /* LaunchScreen.xib in Resources */ = {isa = PBXBuildFile; fileRef = 14D103381A3DD59600FEE6FB /* LaunchScreen.xib */; };
		14D103461A3DD59600FEE6FB /* SlotMachineTests.swift in Sources */ = {isa = PBXBuildFile; fileRef = 14D103451A3DD59600FEE6FB /* SlotMachineTests.swift */; };
		14D103501A3DF18600FEE6FB /* Slot.swift in Sources */ = {isa = PBXBuildFile; fileRef = 14D1034F1A3DF18600FEE6FB /* Slot.swift */; };
		14D103521A3DF24700FEE6FB /* Factory.swift in Sources */ = {isa = PBXBuildFile; fileRef = 14D103511A3DF24700FEE6FB /* Factory.swift */; };
/* End PBXBuildFile section */

/* Begin PBXContainerItemProxy section */
		14D103401A3DD59600FEE6FB /* PBXContainerItemProxy */ = {
			isa = PBXContainerItemProxy;
			containerPortal = 14D103221A3DD59600FEE6FB /* Project object */;
			proxyType = 1;
			remoteGlobalIDString = 14D103291A3DD59600FEE6FB;
			remoteInfo = SlotMachine;
		};
/* End PBXContainerItemProxy section */

/* Begin PBXFileReference section */
		14D1032A1A3DD59600FEE6FB /* SlotMachine.app */ = {isa = PBXFileReference; explicitFileType = wrapper.application; includeInIndex = 0; path = SlotMachine.app; sourceTree = BUILT_PRODUCTS_DIR; };
		14D1032E1A3DD59600FEE6FB /* Info.plist */ = {isa = PBXFileReference; lastKnownFileType = text.plist.xml; path = Info.plist; sourceTree = "<group>"; };
		14D1032F1A3DD59600FEE6FB /* AppDelegate.swift */ = {isa = PBXFileReference; lastKnownFileType = sourcecode.swift; path = AppDelegate.swift; sourceTree = "<group>"; };
		14D103311A3DD59600FEE6FB /* ViewController.swift */ = {isa = PBXFileReference; lastKnownFileType = sourcecode.swift; path = ViewController.swift; sourceTree = "<group>"; };
		14D103341A3DD59600FEE6FB /* Base */ = {isa = PBXFileReference; lastKnownFileType = file.storyboard; name = Base; path = Base.lproj/Main.storyboard; sourceTree = "<group>"; };
		14D103361A3DD59600FEE6FB /* Images.xcassets */ = {isa = PBXFileReference; lastKnownFileType = folder.assetcatalog; path = Images.xcassets; sourceTree = "<group>"; };
		14D103391A3DD59600FEE6FB /* Base */ = {isa = PBXFileReference; lastKnownFileType = file.xib; name = Base; path = Base.lproj/LaunchScreen.xib; sourceTree = "<group>"; };
		14D1033F1A3DD59600FEE6FB /* SlotMachineTests.xctest */ = {isa = PBXFileReference; explicitFileType = wrapper.cfbundle; includeInIndex = 0; path = SlotMachineTests.xctest; sourceTree = BUILT_PRODUCTS_DIR; };
		14D103441A3DD59600FEE6FB /* Info.plist */ = {isa = PBXFileReference; lastKnownFileType = text.plist.xml; path = Info.plist; sourceTree = "<group>"; };
		14D103451A3DD59600FEE6FB /* SlotMachineTests.swift */ = {isa = PBXFileReference; lastKnownFileType = sourcecode.swift; path = SlotMachineTests.swift; sourceTree = "<group>"; };
		14D1034F1A3DF18600FEE6FB /* Slot.swift */ = {isa = PBXFileReference; fileEncoding = 4; lastKnownFileType = sourcecode.swift; path = Slot.swift; sourceTree = "<group>"; };
		14D103511A3DF24700FEE6FB /* Factory.swift */ = {isa = PBXFileReference; fileEncoding = 4; lastKnownFileType = sourcecode.swift; path = Factory.swift; sourceTree = "<group>"; };
/* End PBXFileReference section */

/* Begin PBXFrameworksBuildPhase section */
		14D103271A3DD59600FEE6FB /* Frameworks */ = {
			isa = PBXFrameworksBuildPhase;
			buildActionMask = 2147483647;
			files = (
			);
			runOnlyForDeploymentPostprocessing = 0;
		};
		14D1033C1A3DD59600FEE6FB /* Frameworks */ = {
			isa = PBXFrameworksBuildPhase;
			buildActionMask = 2147483647;
			files = (
			);
			runOnlyForDeploymentPostprocessing = 0;
		};
/* End PBXFrameworksBuildPhase section */

/* Begin PBXGroup section */
		14D103211A3DD59600FEE6FB = {
			isa = PBXGroup;
			children = (
				14D1032C1A3DD59600FEE6FB /* SlotMachine */,
				14D103421A3DD59600FEE6FB /* SlotMachineTests */,
				14D1032B1A3DD59600FEE6FB /* Products */,
			);
			sourceTree = "<group>";
		};
		14D1032B1A3DD59600FEE6FB /* Products */ = {
			isa = PBXGroup;
			children = (
				14D1032A1A3DD59600FEE6FB /* SlotMachine.app */,
				14D1033F1A3DD59600FEE6FB /* SlotMachineTests.xctest */,
			);
			name = Products;
			sourceTree = "<group>";
		};
		14D1032C1A3DD59600FEE6FB /* SlotMachine */ = {
			isa = PBXGroup;
			children = (
				14D1032F1A3DD59600FEE6FB /* AppDelegate.swift */,
				14D103311A3DD59600FEE6FB /* ViewController.swift */,
				14D103331A3DD59600FEE6FB /* Main.storyboard */,
				14D103361A3DD59600FEE6FB /* Images.xcassets */,
				14D103511A3DF24700FEE6FB /* Factory.swift */,
				14D103381A3DD59600FEE6FB /* LaunchScreen.xib */,
				14D1032D1A3DD59600FEE6FB /* Supporting Files */,
				14D1034F1A3DF18600FEE6FB /* Slot.swift */,
			);
			path = SlotMachine;
			sourceTree = "<group>";
		};
		14D1032D1A3DD59600FEE6FB /* Supporting Files */ = {
			isa = PBXGroup;
			children = (
				14D1032E1A3DD59600FEE6FB /* Info.plist */,
			);
			name = "Supporting Files";
			sourceTree = "<group>";
		};
		14D103421A3DD59600FEE6FB /* SlotMachineTests */ = {
			isa = PBXGroup;
			children = (
				14D103451A3DD59600FEE6FB /* SlotMachineTests.swift */,
				14D103431A3DD59600FEE6FB /* Supporting Files */,
			);
			path = SlotMachineTests;
			sourceTree = "<group>";
		};
		14D103431A3DD59600FEE6FB /* Supporting Files */ = {
			isa = PBXGroup;
			children = (
				14D103441A3DD59600FEE6FB /* Info.plist */,
			);
			name = "Supporting Files";
			sourceTree = "<group>";
		};
/* End PBXGroup section */

/* Begin PBXNativeTarget section */
		14D103291A3DD59600FEE6FB /* SlotMachine */ = {
			isa = PBXNativeTarget;
			buildConfigurationList = 14D103491A3DD59600FEE6FB /* Build configuration list for PBXNativeTarget "SlotMachine" */;
			buildPhases = (
				14D103261A3DD59600FEE6FB /* Sources */,
				14D103271A3DD59600FEE6FB /* Frameworks */,
				14D103281A3DD59600FEE6FB /* Resources */,
			);
			buildRules = (
			);
			dependencies = (
			);
			name = SlotMachine;
			productName = SlotMachine;
			productReference = 14D1032A1A3DD59600FEE6FB /* SlotMachine.app */;
			productType = "com.apple.product-type.application";
		};
		14D1033E1A3DD59600FEE6FB /* SlotMachineTests */ = {
			isa = PBXNativeTarget;
			buildConfigurationList = 14D1034C1A3DD59600FEE6FB /* Build configuration list for PBXNativeTarget "SlotMachineTests" */;
			buildPhases = (
				14D1033B1A3DD59600FEE6FB /* Sources */,
				14D1033C1A3DD59600FEE6FB /* Frameworks */,
				14D1033D1A3DD59600FEE6FB /* Resources */,
			);
			buildRules = (
			);
			dependencies = (
				14D103411A3DD59600FEE6FB /* PBXTargetDependency */,
			);
			name = SlotMachineTests;
			productName = SlotMachineTests;
			productReference = 14D1033F1A3DD59600FEE6FB /* SlotMachineTests.xctest */;
			productType = "com.apple.product-type.bundle.unit-test";
		};
/* End PBXNativeTarget section */

/* Begin PBXProject section */
		14D103221A3DD59600FEE6FB /* Project object */ = {
			isa = PBXProject;
			attributes = {
				LastUpgradeCheck = 0610;
				ORGANIZATIONNAME = zachary.weiner;
				TargetAttributes = {
					14D103291A3DD59600FEE6FB = {
						CreatedOnToolsVersion = 6.1.1;
					};
					14D1033E1A3DD59600FEE6FB = {
						CreatedOnToolsVersion = 6.1.1;
						TestTargetID = 14D103291A3DD59600FEE6FB;
					};
				};
			};
			buildConfigurationList = 14D103251A3DD59600FEE6FB /* Build configuration list for PBXProject "SlotMachine" */;
			compatibilityVersion = "Xcode 3.2";
			developmentRegion = English;
			hasScannedForEncodings = 0;
			knownRegions = (
				en,
				Base,
			);
			mainGroup = 14D103211A3DD59600FEE6FB;
			productRefGroup = 14D1032B1A3DD59600FEE6FB /* Products */;
			projectDirPath = "";
			projectRoot = "";
			targets = (
				14D103291A3DD59600FEE6FB /* SlotMachine */,
				14D1033E1A3DD59600FEE6FB /* SlotMachineTests */,
			);
		};
/* End PBXProject section */

/* Begin PBXResourcesBuildPhase section */
		14D103281A3DD59600FEE6FB /* Resources */ = {
			isa = PBXResourcesBuildPhase;
			buildActionMask = 2147483647;
			files = (
				14D103351A3DD59600FEE6FB /* Main.storyboard in Resources */,
				14D1033A1A3DD59600FEE6FB /* LaunchScreen.xib in Resources */,
				14D103371A3DD59600FEE6FB /* Images.xcassets in Resources */,
			);
			runOnlyForDeploymentPostprocessing = 0;
		};
		14D1033D1A3DD59600FEE6FB /* Resources */ = {
			isa = PBXResourcesBuildPhase;
			buildActionMask = 2147483647;
			files = (
			);
			runOnlyForDeploymentPostprocessing = 0;
		};
/* End PBXResourcesBuildPhase section */

/* Begin PBXSourcesBuildPhase section */
		14D103261A3DD59600FEE6FB /* Sources */ = {
			isa = PBXSourcesBuildPhase;
			buildActionMask = 2147483647;
			files = (
				14D103521A3DF24700FEE6FB /* Factory.swift in Sources */,
				14D103321A3DD59600FEE6FB /* ViewController.swift in Sources */,
				14D103501A3DF18600FEE6FB /* Slot.swift in Sources */,
				14D103301A3DD59600FEE6FB /* AppDelegate.swift in Sources */,
			);
			runOnlyForDeploymentPostprocessing = 0;
		};
		14D1033B1A3DD59600FEE6FB /* Sources */ = {
			isa = PBXSourcesBuildPhase;
			buildActionMask = 2147483647;
			files = (
				14D103461A3DD59600FEE6FB /* SlotMachineTests.swift in Sources */,
			);
			runOnlyForDeploymentPostprocessing = 0;
		};
/* End PBXSourcesBuildPhase section */

/* Begin PBXTargetDependency section */
		14D103411A3DD59600FEE6FB /* PBXTargetDependency */ = {
			isa = PBXTargetDependency;
			target = 14D103291A3DD59600FEE6FB /* SlotMachine */;
			targetProxy = 14D103401A3DD59600FEE6FB /* PBXContainerItemProxy */;
		};
/* End PBXTargetDependency section */

/* Begin PBXVariantGroup section */
		14D103331A3DD59600FEE6FB /* Main.storyboard */ = {
			isa = PBXVariantGroup;
			children = (
				14D103341A3DD59600FEE6FB /* Base */,
			);
			name = Main.storyboard;
			sourceTree = "<group>";
		};
		14D103381A3DD59600FEE6FB /* LaunchScreen.xib */ = {
			isa = PBXVariantGroup;
			children = (
				14D103391A3DD59600FEE6FB /* Base */,
			);
			name = LaunchScreen.xib;
			sourceTree = "<group>";
		};
/* End PBXVariantGroup section */

/* Begin XCBuildConfiguration section */
		14D103471A3DD59600FEE6FB /* Debug */ = {
			isa = XCBuildConfiguration;
			buildSettings = {
				ALWAYS_SEARCH_USER_PATHS = NO;
				CLANG_CXX_LANGUAGE_STANDARD = "gnu++0x";
				CLANG_CXX_LIBRARY = "libc++";
				CLANG_ENABLE_MODULES = YES;
				CLANG_ENABLE_OBJC_ARC = YES;
				CLANG_WARN_BOOL_CONVERSION = YES;
				CLANG_WARN_CONSTANT_CONVERSION = YES;
				CLANG_WARN_DIRECT_OBJC_ISA_USAGE = YES_ERROR;
				CLANG_WARN_EMPTY_BODY = YES;
				CLANG_WARN_ENUM_CONVERSION = YES;
				CLANG_WARN_INT_CONVERSION = YES;
				CLANG_WARN_OBJC_ROOT_CLASS = YES_ERROR;
				CLANG_WARN_UNREACHABLE_CODE = YES;
				CLANG_WARN__DUPLICATE_METHOD_MATCH = YES;
				"CODE_SIGN_IDENTITY[sdk=iphoneos*]" = "iPhone Developer";
				COPY_PHASE_STRIP = NO;
				ENABLE_STRICT_OBJC_MSGSEND = YES;
				GCC_C_LANGUAGE_STANDARD = gnu99;
				GCC_DYNAMIC_NO_PIC = NO;
				GCC_OPTIMIZATION_LEVEL = 0;
				GCC_PREPROCESSOR_DEFINITIONS = (
					"DEBUG=1",
					"$(inherited)",
				);
				GCC_SYMBOLS_PRIVATE_EXTERN = NO;
				GCC_WARN_64_TO_32_BIT_CONVERSION = YES;
				GCC_WARN_ABOUT_RETURN_TYPE = YES_ERROR;
				GCC_WARN_UNDECLARED_SELECTOR = YES;
				GCC_WARN_UNINITIALIZED_AUTOS = YES_AGGRESSIVE;
				GCC_WARN_UNUSED_FUNCTION = YES;
				GCC_WARN_UNUSED_VARIABLE = YES;
				IPHONEOS_DEPLOYMENT_TARGET = 8.1;
				MTL_ENABLE_DEBUG_INFO = YES;
				ONLY_ACTIVE_ARCH = YES;
				SDKROOT = iphoneos;
				SWIFT_OPTIMIZATION_LEVEL = "-Onone";
				TARGETED_DEVICE_FAMILY = "1,2";
			};
			name = Debug;
		};
		14D103481A3DD59600FEE6FB /* Release */ = {
			isa = XCBuildConfiguration;
			buildSettings = {
				ALWAYS_SEARCH_USER_PATHS = NO;
				CLANG_CXX_LANGUAGE_STANDARD = "gnu++0x";
				CLANG_CXX_LIBRARY = "libc++";
				CLANG_ENABLE_MODULES = YES;
				CLANG_ENABLE_OBJC_ARC = YES;
				CLANG_WARN_BOOL_CONVERSION = YES;
				CLANG_WARN_CONSTANT_CONVERSION = YES;
				CLANG_WARN_DIRECT_OBJC_ISA_USAGE = YES_ERROR;
				CLANG_WARN_EMPTY_BODY = YES;
				CLANG_WARN_ENUM_CONVERSION = YES;
				CLANG_WARN_INT_CONVERSION = YES;
				CLANG_WARN_OBJC_ROOT_CLASS = YES_ERROR;
				CLANG_WARN_UNREACHABLE_CODE = YES;
				CLANG_WARN__DUPLICATE_METHOD_MATCH = YES;
				"CODE_SIGN_IDENTITY[sdk=iphoneos*]" = "iPhone Developer";
				COPY_PHASE_STRIP = YES;
				ENABLE_NS_ASSERTIONS = NO;
				ENABLE_STRICT_OBJC_MSGSEND = YES;
				GCC_C_LANGUAGE_STANDARD = gnu99;
				GCC_WARN_64_TO_32_BIT_CONVERSION = YES;
				GCC_WARN_ABOUT_RETURN_TYPE = YES_ERROR;
				GCC_WARN_UNDECLARED_SELECTOR = YES;
				GCC_WARN_UNINITIALIZED_AUTOS = YES_AGGRESSIVE;
				GCC_WARN_UNUSED_FUNCTION = YES;
				GCC_WARN_UNUSED_VARIABLE = YES;
				IPHONEOS_DEPLOYMENT_TARGET = 8.1;
				MTL_ENABLE_DEBUG_INFO = NO;
				SDKROOT = iphoneos;
				TARGETED_DEVICE_FAMILY = "1,2";
				VALIDATE_PRODUCT = YES;
			};
			name = Release;
		};
		14D1034A1A3DD59600FEE6FB /* Debug */ = {
			isa = XCBuildConfiguration;
			buildSettings = {
				ASSETCATALOG_COMPILER_APPICON_NAME = AppIcon;
				INFOPLIST_FILE = SlotMachine/Info.plist;
				LD_RUNPATH_SEARCH_PATHS = "$(inherited) @executable_path/Frameworks";
				PRODUCT_NAME = "$(TARGET_NAME)";
			};
			name = Debug;
		};
		14D1034B1A3DD59600FEE6FB /* Release */ = {
			isa = XCBuildConfiguration;
			buildSettings = {
				ASSETCATALOG_COMPILER_APPICON_NAME = AppIcon;
				INFOPLIST_FILE = SlotMachine/Info.plist;
				LD_RUNPATH_SEARCH_PATHS = "$(inherited) @executable_path/Frameworks";
				PRODUCT_NAME = "$(TARGET_NAME)";
			};
			name = Release;
		};
		14D1034D1A3DD59600FEE6FB /* Debug */ = {
			isa = XCBuildConfiguration;
			buildSettings = {
				BUNDLE_LOADER = "$(TEST_HOST)";
				FRAMEWORK_SEARCH_PATHS = (
					"$(SDKROOT)/Developer/Library/Frameworks",
					"$(inherited)",
				);
				GCC_PREPROCESSOR_DEFINITIONS = (
					"DEBUG=1",
					"$(inherited)",
				);
				INFOPLIST_FILE = SlotMachineTests/Info.plist;
				LD_RUNPATH_SEARCH_PATHS = "$(inherited) @executable_path/Frameworks @loader_path/Frameworks";
				PRODUCT_NAME = "$(TARGET_NAME)";
				TEST_HOST = "$(BUILT_PRODUCTS_DIR)/SlotMachine.app/SlotMachine";
			};
			name = Debug;
		};
		14D1034E1A3DD59600FEE6FB /* Release */ = {
			isa = XCBuildConfiguration;
			buildSettings = {
				BUNDLE_LOADER = "$(TEST_HOST)";
				FRAMEWORK_SEARCH_PATHS = (
					"$(SDKROOT)/Developer/Library/Frameworks",
					"$(inherited)",
				);
				INFOPLIST_FILE = SlotMachineTests/Info.plist;
				LD_RUNPATH_SEARCH_PATHS = "$(inherited) @executable_path/Frameworks @loader_path/Frameworks";
				PRODUCT_NAME = "$(TARGET_NAME)";
				TEST_HOST = "$(BUILT_PRODUCTS_DIR)/SlotMachine.app/SlotMachine";
			};
			name = Release;
		};
/* End XCBuildConfiguration section */

/* Begin XCConfigurationList section */
		14D103251A3DD59600FEE6FB /* Build configuration list for PBXProject "SlotMachine" */ = {
			isa = XCConfigurationList;
			buildConfigurations = (
				14D103471A3DD59600FEE6FB /* Debug */,
				14D103481A3DD59600FEE6FB /* Release */,
			);
			defaultConfigurationIsVisible = 0;
			defaultConfigurationName = Release;
		};
		14D103491A3DD59600FEE6FB /* Build configuration list for PBXNativeTarget "SlotMachine" */ = {
			isa = XCConfigurationList;
			buildConfigurations = (
				14D1034A1A3DD59600FEE6FB /* Debug */,
				14D1034B1A3DD59600FEE6FB /* Release */,
			);
			defaultConfigurationIsVisible = 0;
		};
		14D1034C1A3DD59600FEE6FB /* Build configuration list for PBXNativeTarget "SlotMachineTests" */ = {
			isa = XCConfigurationList;
			buildConfigurations = (
				14D1034D1A3DD59600FEE6FB /* Debug */,
				14D1034E1A3DD59600FEE6FB /* Release */,
			);
			defaultConfigurationIsVisible = 0;
		};
/* End XCConfigurationList section */
	};
	rootObject = 14D103221A3DD59600FEE6FB /* Project object */;
}
