// !$*UTF8*$!
{
	archiveVersion = 1;
	classes = {
	};
	objectVersion = 46;
	objects = {

/* Begin PBXBuildFile section */
		142D8FF81A3D5301003D57D0 /* AppDelegate.swift in Sources */ = {isa = PBXBuildFile; fileRef = 142D8FF71A3D5301003D57D0 /* AppDelegate.swift */; };
		142D8FFA1A3D5301003D57D0 /* ViewController.swift in Sources */ = {isa = PBXBuildFile; fileRef = 142D8FF91A3D5301003D57D0 /* ViewController.swift */; };
		142D8FFD1A3D5301003D57D0 /* Main.storyboard in Resources */ = {isa = PBXBuildFile; fileRef = 142D8FFB1A3D5301003D57D0 /* Main.storyboard */; };
		142D8FFF1A3D5301003D57D0 /* Images.xcassets in Resources */ = {isa = PBXBuildFile; fileRef = 142D8FFE1A3D5301003D57D0 /* Images.xcassets */; };
		142D90021A3D5301003D57D0 /* LaunchScreen.xib in Resources */ = {isa = PBXBuildFile; fileRef = 142D90001A3D5301003D57D0 /* LaunchScreen.xib */; };
		142D900E1A3D5301003D57D0 /* NinetyNineBallonsTests.swift in Sources */ = {isa = PBXBuildFile; fileRef = 142D900D1A3D5301003D57D0 /* NinetyNineBallonsTests.swift */; };
		142D901F1A3D54A6003D57D0 /* BerlinTVTower.jpg in Resources */ = {isa = PBXBuildFile; fileRef = 142D901A1A3D54A6003D57D0 /* BerlinTVTower.jpg */; };
		142D90201A3D54A6003D57D0 /* RedBalloon1.jpg in Resources */ = {isa = PBXBuildFile; fileRef = 142D901B1A3D54A6003D57D0 /* RedBalloon1.jpg */; };
		142D90211A3D54A6003D57D0 /* RedBalloon2.jpg in Resources */ = {isa = PBXBuildFile; fileRef = 142D901C1A3D54A6003D57D0 /* RedBalloon2.jpg */; };
		142D90221A3D54A6003D57D0 /* RedBalloon3.jpg in Resources */ = {isa = PBXBuildFile; fileRef = 142D901D1A3D54A6003D57D0 /* RedBalloon3.jpg */; };
		142D90231A3D54A6003D57D0 /* RedBalloon4.jpg in Resources */ = {isa = PBXBuildFile; fileRef = 142D901E1A3D54A6003D57D0 /* RedBalloon4.jpg */; };
		142D90251A3D574C003D57D0 /* Baloon.swift in Sources */ = {isa = PBXBuildFile; fileRef = 142D90241A3D574C003D57D0 /* Baloon.swift */; };
/* End PBXBuildFile section */

/* Begin PBXContainerItemProxy section */
		142D90081A3D5301003D57D0 /* PBXContainerItemProxy */ = {
			isa = PBXContainerItemProxy;
			containerPortal = 142D8FEA1A3D5300003D57D0 /* Project object */;
			proxyType = 1;
			remoteGlobalIDString = 142D8FF11A3D5300003D57D0;
			remoteInfo = NinetyNineBallons;
		};
/* End PBXContainerItemProxy section */

/* Begin PBXFileReference section */
		142D8FF21A3D5301003D57D0 /* NinetyNineBallons.app */ = {isa = PBXFileReference; explicitFileType = wrapper.application; includeInIndex = 0; path = NinetyNineBallons.app; sourceTree = BUILT_PRODUCTS_DIR; };
		142D8FF61A3D5301003D57D0 /* Info.plist */ = {isa = PBXFileReference; lastKnownFileType = text.plist.xml; path = Info.plist; sourceTree = "<group>"; };
		142D8FF71A3D5301003D57D0 /* AppDelegate.swift */ = {isa = PBXFileReference; lastKnownFileType = sourcecode.swift; path = AppDelegate.swift; sourceTree = "<group>"; };
		142D8FF91A3D5301003D57D0 /* ViewController.swift */ = {isa = PBXFileReference; lastKnownFileType = sourcecode.swift; path = ViewController.swift; sourceTree = "<group>"; };
		142D8FFC1A3D5301003D57D0 /* Base */ = {isa = PBXFileReference; lastKnownFileType = file.storyboard; name = Base; path = Base.lproj/Main.storyboard; sourceTree = "<group>"; };
		142D8FFE1A3D5301003D57D0 /* Images.xcassets */ = {isa = PBXFileReference; lastKnownFileType = folder.assetcatalog; path = Images.xcassets; sourceTree = "<group>"; };
		142D90011A3D5301003D57D0 /* Base */ = {isa = PBXFileReference; lastKnownFileType = file.xib; name = Base; path = Base.lproj/LaunchScreen.xib; sourceTree = "<group>"; };
		142D90071A3D5301003D57D0 /* NinetyNineBallonsTests.xctest */ = {isa = PBXFileReference; explicitFileType = wrapper.cfbundle; includeInIndex = 0; path = NinetyNineBallonsTests.xctest; sourceTree = BUILT_PRODUCTS_DIR; };
		142D900C1A3D5301003D57D0 /* Info.plist */ = {isa = PBXFileReference; lastKnownFileType = text.plist.xml; path = Info.plist; sourceTree = "<group>"; };
		142D900D1A3D5301003D57D0 /* NinetyNineBallonsTests.swift */ = {isa = PBXFileReference; lastKnownFileType = sourcecode.swift; path = NinetyNineBallonsTests.swift; sourceTree = "<group>"; };
		142D901A1A3D54A6003D57D0 /* BerlinTVTower.jpg */ = {isa = PBXFileReference; lastKnownFileType = image.jpeg; path = BerlinTVTower.jpg; sourceTree = "<group>"; };
		142D901B1A3D54A6003D57D0 /* RedBalloon1.jpg */ = {isa = PBXFileReference; lastKnownFileType = image.jpeg; path = RedBalloon1.jpg; sourceTree = "<group>"; };
		142D901C1A3D54A6003D57D0 /* RedBalloon2.jpg */ = {isa = PBXFileReference; lastKnownFileType = image.jpeg; path = RedBalloon2.jpg; sourceTree = "<group>"; };
		142D901D1A3D54A6003D57D0 /* RedBalloon3.jpg */ = {isa = PBXFileReference; lastKnownFileType = image.jpeg; path = RedBalloon3.jpg; sourceTree = "<group>"; };
		142D901E1A3D54A6003D57D0 /* RedBalloon4.jpg */ = {isa = PBXFileReference; lastKnownFileType = image.jpeg; path = RedBalloon4.jpg; sourceTree = "<group>"; };
		142D90241A3D574C003D57D0 /* Baloon.swift */ = {isa = PBXFileReference; fileEncoding = 4; lastKnownFileType = sourcecode.swift; path = Baloon.swift; sourceTree = "<group>"; };
/* End PBXFileReference section */

/* Begin PBXFrameworksBuildPhase section */
		142D8FEF1A3D5300003D57D0 /* Frameworks */ = {
			isa = PBXFrameworksBuildPhase;
			buildActionMask = 2147483647;
			files = (
			);
			runOnlyForDeploymentPostprocessing = 0;
		};
		142D90041A3D5301003D57D0 /* Frameworks */ = {
			isa = PBXFrameworksBuildPhase;
			buildActionMask = 2147483647;
			files = (
			);
			runOnlyForDeploymentPostprocessing = 0;
		};
/* End PBXFrameworksBuildPhase section */

/* Begin PBXGroup section */
		142D8FE91A3D5300003D57D0 = {
			isa = PBXGroup;
			children = (
				142D90241A3D574C003D57D0 /* Baloon.swift */,
				142D90191A3D54A6003D57D0 /* 99RedBalloonsAssets */,
				142D8FF41A3D5301003D57D0 /* NinetyNineBallons */,
				142D900A1A3D5301003D57D0 /* NinetyNineBallonsTests */,
				142D8FF31A3D5301003D57D0 /* Products */,
			);
			sourceTree = "<group>";
		};
		142D8FF31A3D5301003D57D0 /* Products */ = {
			isa = PBXGroup;
			children = (
				142D8FF21A3D5301003D57D0 /* NinetyNineBallons.app */,
				142D90071A3D5301003D57D0 /* NinetyNineBallonsTests.xctest */,
			);
			name = Products;
			sourceTree = "<group>";
		};
		142D8FF41A3D5301003D57D0 /* NinetyNineBallons */ = {
			isa = PBXGroup;
			children = (
				142D8FF71A3D5301003D57D0 /* AppDelegate.swift */,
				142D8FF91A3D5301003D57D0 /* ViewController.swift */,
				142D8FFB1A3D5301003D57D0 /* Main.storyboard */,
				142D8FFE1A3D5301003D57D0 /* Images.xcassets */,
				142D90001A3D5301003D57D0 /* LaunchScreen.xib */,
				142D8FF51A3D5301003D57D0 /* Supporting Files */,
			);
			path = NinetyNineBallons;
			sourceTree = "<group>";
		};
		142D8FF51A3D5301003D57D0 /* Supporting Files */ = {
			isa = PBXGroup;
			children = (
				142D8FF61A3D5301003D57D0 /* Info.plist */,
			);
			name = "Supporting Files";
			sourceTree = "<group>";
		};
		142D900A1A3D5301003D57D0 /* NinetyNineBallonsTests */ = {
			isa = PBXGroup;
			children = (
				142D900D1A3D5301003D57D0 /* NinetyNineBallonsTests.swift */,
				142D900B1A3D5301003D57D0 /* Supporting Files */,
			);
			path = NinetyNineBallonsTests;
			sourceTree = "<group>";
		};
		142D900B1A3D5301003D57D0 /* Supporting Files */ = {
			isa = PBXGroup;
			children = (
				142D900C1A3D5301003D57D0 /* Info.plist */,
			);
			name = "Supporting Files";
			sourceTree = "<group>";
		};
		142D90191A3D54A6003D57D0 /* 99RedBalloonsAssets */ = {
			isa = PBXGroup;
			children = (
				142D901A1A3D54A6003D57D0 /* BerlinTVTower.jpg */,
				142D901B1A3D54A6003D57D0 /* RedBalloon1.jpg */,
				142D901C1A3D54A6003D57D0 /* RedBalloon2.jpg */,
				142D901D1A3D54A6003D57D0 /* RedBalloon3.jpg */,
				142D901E1A3D54A6003D57D0 /* RedBalloon4.jpg */,
			);
			path = 99RedBalloonsAssets;
			sourceTree = "<group>";
		};
/* End PBXGroup section */

/* Begin PBXNativeTarget section */
		142D8FF11A3D5300003D57D0 /* NinetyNineBallons */ = {
			isa = PBXNativeTarget;
			buildConfigurationList = 142D90111A3D5301003D57D0 /* Build configuration list for PBXNativeTarget "NinetyNineBallons" */;
			buildPhases = (
				142D8FEE1A3D5300003D57D0 /* Sources */,
				142D8FEF1A3D5300003D57D0 /* Frameworks */,
				142D8FF01A3D5300003D57D0 /* Resources */,
			);
			buildRules = (
			);
			dependencies = (
			);
			name = NinetyNineBallons;
			productName = NinetyNineBallons;
			productReference = 142D8FF21A3D5301003D57D0 /* NinetyNineBallons.app */;
			productType = "com.apple.product-type.application";
		};
		142D90061A3D5301003D57D0 /* NinetyNineBallonsTests */ = {
			isa = PBXNativeTarget;
			buildConfigurationList = 142D90141A3D5301003D57D0 /* Build configuration list for PBXNativeTarget "NinetyNineBallonsTests" */;
			buildPhases = (
				142D90031A3D5301003D57D0 /* Sources */,
				142D90041A3D5301003D57D0 /* Frameworks */,
				142D90051A3D5301003D57D0 /* Resources */,
			);
			buildRules = (
			);
			dependencies = (
				142D90091A3D5301003D57D0 /* PBXTargetDependency */,
			);
			name = NinetyNineBallonsTests;
			productName = NinetyNineBallonsTests;
			productReference = 142D90071A3D5301003D57D0 /* NinetyNineBallonsTests.xctest */;
			productType = "com.apple.product-type.bundle.unit-test";
		};
/* End PBXNativeTarget section */

/* Begin PBXProject section */
		142D8FEA1A3D5300003D57D0 /* Project object */ = {
			isa = PBXProject;
			attributes = {
				LastUpgradeCheck = 0610;
				ORGANIZATIONNAME = zachary.weiner;
				TargetAttributes = {
					142D8FF11A3D5300003D57D0 = {
						CreatedOnToolsVersion = 6.1.1;
					};
					142D90061A3D5301003D57D0 = {
						CreatedOnToolsVersion = 6.1.1;
						TestTargetID = 142D8FF11A3D5300003D57D0;
					};
				};
			};
			buildConfigurationList = 142D8FED1A3D5300003D57D0 /* Build configuration list for PBXProject "NinetyNineBallons" */;
			compatibilityVersion = "Xcode 3.2";
			developmentRegion = English;
			hasScannedForEncodings = 0;
			knownRegions = (
				en,
				Base,
			);
			mainGroup = 142D8FE91A3D5300003D57D0;
			productRefGroup = 142D8FF31A3D5301003D57D0 /* Products */;
			projectDirPath = "";
			projectRoot = "";
			targets = (
				142D8FF11A3D5300003D57D0 /* NinetyNineBallons */,
				142D90061A3D5301003D57D0 /* NinetyNineBallonsTests */,
			);
		};
/* End PBXProject section */

/* Begin PBXResourcesBuildPhase section */
		142D8FF01A3D5300003D57D0 /* Resources */ = {
			isa = PBXResourcesBuildPhase;
			buildActionMask = 2147483647;
			files = (
				142D90211A3D54A6003D57D0 /* RedBalloon2.jpg in Resources */,
				142D8FFD1A3D5301003D57D0 /* Main.storyboard in Resources */,
				142D90221A3D54A6003D57D0 /* RedBalloon3.jpg in Resources */,
				142D90021A3D5301003D57D0 /* LaunchScreen.xib in Resources */,
				142D90231A3D54A6003D57D0 /* RedBalloon4.jpg in Resources */,
				142D8FFF1A3D5301003D57D0 /* Images.xcassets in Resources */,
				142D90201A3D54A6003D57D0 /* RedBalloon1.jpg in Resources */,
				142D901F1A3D54A6003D57D0 /* BerlinTVTower.jpg in Resources */,
			);
			runOnlyForDeploymentPostprocessing = 0;
		};
		142D90051A3D5301003D57D0 /* Resources */ = {
			isa = PBXResourcesBuildPhase;
			buildActionMask = 2147483647;
			files = (
			);
			runOnlyForDeploymentPostprocessing = 0;
		};
/* End PBXResourcesBuildPhase section */

/* Begin PBXSourcesBuildPhase section */
		142D8FEE1A3D5300003D57D0 /* Sources */ = {
			isa = PBXSourcesBuildPhase;
			buildActionMask = 2147483647;
			files = (
				142D8FFA1A3D5301003D57D0 /* ViewController.swift in Sources */,
				142D8FF81A3D5301003D57D0 /* AppDelegate.swift in Sources */,
				142D90251A3D574C003D57D0 /* Baloon.swift in Sources */,
			);
			runOnlyForDeploymentPostprocessing = 0;
		};
		142D90031A3D5301003D57D0 /* Sources */ = {
			isa = PBXSourcesBuildPhase;
			buildActionMask = 2147483647;
			files = (
				142D900E1A3D5301003D57D0 /* NinetyNineBallonsTests.swift in Sources */,
			);
			runOnlyForDeploymentPostprocessing = 0;
		};
/* End PBXSourcesBuildPhase section */

/* Begin PBXTargetDependency section */
		142D90091A3D5301003D57D0 /* PBXTargetDependency */ = {
			isa = PBXTargetDependency;
			target = 142D8FF11A3D5300003D57D0 /* NinetyNineBallons */;
			targetProxy = 142D90081A3D5301003D57D0 /* PBXContainerItemProxy */;
		};
/* End PBXTargetDependency section */

/* Begin PBXVariantGroup section */
		142D8FFB1A3D5301003D57D0 /* Main.storyboard */ = {
			isa = PBXVariantGroup;
			children = (
				142D8FFC1A3D5301003D57D0 /* Base */,
			);
			name = Main.storyboard;
			sourceTree = "<group>";
		};
		142D90001A3D5301003D57D0 /* LaunchScreen.xib */ = {
			isa = PBXVariantGroup;
			children = (
				142D90011A3D5301003D57D0 /* Base */,
			);
			name = LaunchScreen.xib;
			sourceTree = "<group>";
		};
/* End PBXVariantGroup section */

/* Begin XCBuildConfiguration section */
		142D900F1A3D5301003D57D0 /* Debug */ = {
			isa = XCBuildConfiguration;
			buildSettings = {
				ALWAYS_SEARCH_USER_PATHS = NO;
				CLANG_CXX_LANGUAGE_STANDARD = "gnu++0x";
				CLANG_CXX_LIBRARY = "libc++";
				CLANG_ENABLE_MODULES = YES;
				CLANG_ENABLE_OBJC_ARC = YES;
				CLANG_WARN_BOOL_CONVERSION = YES;
				CLANG_WARN_CONSTANT_CONVERSION = YES;
				CLANG_WARN_DIRECT_OBJC_ISA_USAGE = YES_ERROR;
				CLANG_WARN_EMPTY_BODY = YES;
				CLANG_WARN_ENUM_CONVERSION = YES;
				CLANG_WARN_INT_CONVERSION = YES;
				CLANG_WARN_OBJC_ROOT_CLASS = YES_ERROR;
				CLANG_WARN_UNREACHABLE_CODE = YES;
				CLANG_WARN__DUPLICATE_METHOD_MATCH = YES;
				"CODE_SIGN_IDENTITY[sdk=iphoneos*]" = "iPhone Developer";
				COPY_PHASE_STRIP = NO;
				ENABLE_STRICT_OBJC_MSGSEND = YES;
				GCC_C_LANGUAGE_STANDARD = gnu99;
				GCC_DYNAMIC_NO_PIC = NO;
				GCC_OPTIMIZATION_LEVEL = 0;
				GCC_PREPROCESSOR_DEFINITIONS = (
					"DEBUG=1",
					"$(inherited)",
				);
				GCC_SYMBOLS_PRIVATE_EXTERN = NO;
				GCC_WARN_64_TO_32_BIT_CONVERSION = YES;
				GCC_WARN_ABOUT_RETURN_TYPE = YES_ERROR;
				GCC_WARN_UNDECLARED_SELECTOR = YES;
				GCC_WARN_UNINITIALIZED_AUTOS = YES_AGGRESSIVE;
				GCC_WARN_UNUSED_FUNCTION = YES;
				GCC_WARN_UNUSED_VARIABLE = YES;
				IPHONEOS_DEPLOYMENT_TARGET = 8.1;
				MTL_ENABLE_DEBUG_INFO = YES;
				ONLY_ACTIVE_ARCH = YES;
				SDKROOT = iphoneos;
				SWIFT_OPTIMIZATION_LEVEL = "-Onone";
				TARGETED_DEVICE_FAMILY = "1,2";
			};
			name = Debug;
		};
		142D90101A3D5301003D57D0 /* Release */ = {
			isa = XCBuildConfiguration;
			buildSettings = {
				ALWAYS_SEARCH_USER_PATHS = NO;
				CLANG_CXX_LANGUAGE_STANDARD = "gnu++0x";
				CLANG_CXX_LIBRARY = "libc++";
				CLANG_ENABLE_MODULES = YES;
				CLANG_ENABLE_OBJC_ARC = YES;
				CLANG_WARN_BOOL_CONVERSION = YES;
				CLANG_WARN_CONSTANT_CONVERSION = YES;
				CLANG_WARN_DIRECT_OBJC_ISA_USAGE = YES_ERROR;
				CLANG_WARN_EMPTY_BODY = YES;
				CLANG_WARN_ENUM_CONVERSION = YES;
				CLANG_WARN_INT_CONVERSION = YES;
				CLANG_WARN_OBJC_ROOT_CLASS = YES_ERROR;
				CLANG_WARN_UNREACHABLE_CODE = YES;
				CLANG_WARN__DUPLICATE_METHOD_MATCH = YES;
				"CODE_SIGN_IDENTITY[sdk=iphoneos*]" = "iPhone Developer";
				COPY_PHASE_STRIP = YES;
				ENABLE_NS_ASSERTIONS = NO;
				ENABLE_STRICT_OBJC_MSGSEND = YES;
				GCC_C_LANGUAGE_STANDARD = gnu99;
				GCC_WARN_64_TO_32_BIT_CONVERSION = YES;
				GCC_WARN_ABOUT_RETURN_TYPE = YES_ERROR;
				GCC_WARN_UNDECLARED_SELECTOR = YES;
				GCC_WARN_UNINITIALIZED_AUTOS = YES_AGGRESSIVE;
				GCC_WARN_UNUSED_FUNCTION = YES;
				GCC_WARN_UNUSED_VARIABLE = YES;
				IPHONEOS_DEPLOYMENT_TARGET = 8.1;
				MTL_ENABLE_DEBUG_INFO = NO;
				SDKROOT = iphoneos;
				TARGETED_DEVICE_FAMILY = "1,2";
				VALIDATE_PRODUCT = YES;
			};
			name = Release;
		};
		142D90121A3D5301003D57D0 /* Debug */ = {
			isa = XCBuildConfiguration;
			buildSettings = {
				ASSETCATALOG_COMPILER_APPICON_NAME = AppIcon;
				INFOPLIST_FILE = NinetyNineBallons/Info.plist;
				LD_RUNPATH_SEARCH_PATHS = "$(inherited) @executable_path/Frameworks";
				PRODUCT_NAME = "$(TARGET_NAME)";
			};
			name = Debug;
		};
		142D90131A3D5301003D57D0 /* Release */ = {
			isa = XCBuildConfiguration;
			buildSettings = {
				ASSETCATALOG_COMPILER_APPICON_NAME = AppIcon;
				INFOPLIST_FILE = NinetyNineBallons/Info.plist;
				LD_RUNPATH_SEARCH_PATHS = "$(inherited) @executable_path/Frameworks";
				PRODUCT_NAME = "$(TARGET_NAME)";
			};
			name = Release;
		};
		142D90151A3D5301003D57D0 /* Debug */ = {
			isa = XCBuildConfiguration;
			buildSettings = {
				BUNDLE_LOADER = "$(TEST_HOST)";
				FRAMEWORK_SEARCH_PATHS = (
					"$(SDKROOT)/Developer/Library/Frameworks",
					"$(inherited)",
				);
				GCC_PREPROCESSOR_DEFINITIONS = (
					"DEBUG=1",
					"$(inherited)",
				);
				INFOPLIST_FILE = NinetyNineBallonsTests/Info.plist;
				LD_RUNPATH_SEARCH_PATHS = "$(inherited) @executable_path/Frameworks @loader_path/Frameworks";
				PRODUCT_NAME = "$(TARGET_NAME)";
				TEST_HOST = "$(BUILT_PRODUCTS_DIR)/NinetyNineBallons.app/NinetyNineBallons";
			};
			name = Debug;
		};
		142D90161A3D5301003D57D0 /* Release */ = {
			isa = XCBuildConfiguration;
			buildSettings = {
				BUNDLE_LOADER = "$(TEST_HOST)";
				FRAMEWORK_SEARCH_PATHS = (
					"$(SDKROOT)/Developer/Library/Frameworks",
					"$(inherited)",
				);
				INFOPLIST_FILE = NinetyNineBallonsTests/Info.plist;
				LD_RUNPATH_SEARCH_PATHS = "$(inherited) @executable_path/Frameworks @loader_path/Frameworks";
				PRODUCT_NAME = "$(TARGET_NAME)";
				TEST_HOST = "$(BUILT_PRODUCTS_DIR)/NinetyNineBallons.app/NinetyNineBallons";
			};
			name = Release;
		};
/* End XCBuildConfiguration section */

/* Begin XCConfigurationList section */
		142D8FED1A3D5300003D57D0 /* Build configuration list for PBXProject "NinetyNineBallons" */ = {
			isa = XCConfigurationList;
			buildConfigurations = (
				142D900F1A3D5301003D57D0 /* Debug */,
				142D90101A3D5301003D57D0 /* Release */,
			);
			defaultConfigurationIsVisible = 0;
			defaultConfigurationName = Release;
		};
		142D90111A3D5301003D57D0 /* Build configuration list for PBXNativeTarget "NinetyNineBallons" */ = {
			isa = XCConfigurationList;
			buildConfigurations = (
				142D90121A3D5301003D57D0 /* Debug */,
				142D90131A3D5301003D57D0 /* Release */,
			);
			defaultConfigurationIsVisible = 0;
		};
		142D90141A3D5301003D57D0 /* Build configuration list for PBXNativeTarget "NinetyNineBallonsTests" */ = {
			isa = XCConfigurationList;
			buildConfigurations = (
				142D90151A3D5301003D57D0 /* Debug */,
				142D90161A3D5301003D57D0 /* Release */,
			);
			defaultConfigurationIsVisible = 0;
		};
/* End XCConfigurationList section */
	};
	rootObject = 142D8FEA1A3D5300003D57D0 /* Project object */;
}
