// !$*UTF8*$!
{
	archiveVersion = 1;
	classes = {
	};
	objectVersion = 46;
	objects = {

/* Begin PBXBuildFile section */
		14D7E4411A48B83400FDBA04 /* main.m in Sources */ = {isa = PBXBuildFile; fileRef = 14D7E4401A48B83400FDBA04 /* main.m */; };
		14D7E4441A48B83400FDBA04 /* AppDelegate.m in Sources */ = {isa = PBXBuildFile; fileRef = 14D7E4431A48B83400FDBA04 /* AppDelegate.m */; };
		14D7E44A1A48B83400FDBA04 /* Main.storyboard in Resources */ = {isa = PBXBuildFile; fileRef = 14D7E4481A48B83400FDBA04 /* Main.storyboard */; };
		14D7E44C1A48B83400FDBA04 /* Images.xcassets in Resources */ = {isa = PBXBuildFile; fileRef = 14D7E44B1A48B83400FDBA04 /* Images.xcassets */; };
		14D7E44F1A48B83400FDBA04 /* LaunchScreen.xib in Resources */ = {isa = PBXBuildFile; fileRef = 14D7E44D1A48B83400FDBA04 /* LaunchScreen.xib */; };
		14D7E45B1A48B83400FDBA04 /* RaceToTheTopTests.m in Sources */ = {isa = PBXBuildFile; fileRef = 14D7E45A1A48B83400FDBA04 /* RaceToTheTopTests.m */; };
		14D7E4661A48B86B00FDBA04 /* RTSpaceShipView.m in Sources */ = {isa = PBXBuildFile; fileRef = 14D7E4651A48B86B00FDBA04 /* RTSpaceShipView.m */; };
/* End PBXBuildFile section */

/* Begin PBXContainerItemProxy section */
		14D7E4551A48B83400FDBA04 /* PBXContainerItemProxy */ = {
			isa = PBXContainerItemProxy;
			containerPortal = 14D7E4331A48B83400FDBA04 /* Project object */;
			proxyType = 1;
			remoteGlobalIDString = 14D7E43A1A48B83400FDBA04;
			remoteInfo = RaceToTheTop;
		};
/* End PBXContainerItemProxy section */

/* Begin PBXFileReference section */
		14D7E43B1A48B83400FDBA04 /* RaceToTheTop.app */ = {isa = PBXFileReference; explicitFileType = wrapper.application; includeInIndex = 0; path = RaceToTheTop.app; sourceTree = BUILT_PRODUCTS_DIR; };
		14D7E43F1A48B83400FDBA04 /* Info.plist */ = {isa = PBXFileReference; lastKnownFileType = text.plist.xml; path = Info.plist; sourceTree = "<group>"; };
		14D7E4401A48B83400FDBA04 /* main.m */ = {isa = PBXFileReference; lastKnownFileType = sourcecode.c.objc; path = main.m; sourceTree = "<group>"; };
		14D7E4421A48B83400FDBA04 /* AppDelegate.h */ = {isa = PBXFileReference; lastKnownFileType = sourcecode.c.h; path = AppDelegate.h; sourceTree = "<group>"; };
		14D7E4431A48B83400FDBA04 /* AppDelegate.m */ = {isa = PBXFileReference; lastKnownFileType = sourcecode.c.objc; path = AppDelegate.m; sourceTree = "<group>"; };
		14D7E4491A48B83400FDBA04 /* Base */ = {isa = PBXFileReference; lastKnownFileType = file.storyboard; name = Base; path = Base.lproj/Main.storyboard; sourceTree = "<group>"; };
		14D7E44B1A48B83400FDBA04 /* Images.xcassets */ = {isa = PBXFileReference; lastKnownFileType = folder.assetcatalog; path = Images.xcassets; sourceTree = "<group>"; };
		14D7E44E1A48B83400FDBA04 /* Base */ = {isa = PBXFileReference; lastKnownFileType = file.xib; name = Base; path = Base.lproj/LaunchScreen.xib; sourceTree = "<group>"; };
		14D7E4541A48B83400FDBA04 /* RaceToTheTopTests.xctest */ = {isa = PBXFileReference; explicitFileType = wrapper.cfbundle; includeInIndex = 0; path = RaceToTheTopTests.xctest; sourceTree = BUILT_PRODUCTS_DIR; };
		14D7E4591A48B83400FDBA04 /* Info.plist */ = {isa = PBXFileReference; lastKnownFileType = text.plist.xml; path = Info.plist; sourceTree = "<group>"; };
		14D7E45A1A48B83400FDBA04 /* RaceToTheTopTests.m */ = {isa = PBXFileReference; lastKnownFileType = sourcecode.c.objc; path = RaceToTheTopTests.m; sourceTree = "<group>"; };
		14D7E4641A48B86B00FDBA04 /* RTSpaceShipView.h */ = {isa = PBXFileReference; fileEncoding = 4; lastKnownFileType = sourcecode.c.h; name = RTSpaceShipView.h; path = Views/RTSpaceShipView.h; sourceTree = "<group>"; };
		14D7E4651A48B86B00FDBA04 /* RTSpaceShipView.m */ = {isa = PBXFileReference; fileEncoding = 4; lastKnownFileType = sourcecode.c.objc; name = RTSpaceShipView.m; path = Views/RTSpaceShipView.m; sourceTree = "<group>"; };
/* End PBXFileReference section */

/* Begin PBXFrameworksBuildPhase section */
		14D7E4381A48B83400FDBA04 /* Frameworks */ = {
			isa = PBXFrameworksBuildPhase;
			buildActionMask = 2147483647;
			files = (
			);
			runOnlyForDeploymentPostprocessing = 0;
		};
		14D7E4511A48B83400FDBA04 /* Frameworks */ = {
			isa = PBXFrameworksBuildPhase;
			buildActionMask = 2147483647;
			files = (
			);
			runOnlyForDeploymentPostprocessing = 0;
		};
/* End PBXFrameworksBuildPhase section */

/* Begin PBXGroup section */
		14D7E4321A48B83400FDBA04 = {
			isa = PBXGroup;
			children = (
				14D7E43D1A48B83400FDBA04 /* RaceToTheTop */,
				14D7E4571A48B83400FDBA04 /* RaceToTheTopTests */,
				14D7E43C1A48B83400FDBA04 /* Products */,
			);
			sourceTree = "<group>";
		};
		14D7E43C1A48B83400FDBA04 /* Products */ = {
			isa = PBXGroup;
			children = (
				14D7E43B1A48B83400FDBA04 /* RaceToTheTop.app */,
				14D7E4541A48B83400FDBA04 /* RaceToTheTopTests.xctest */,
			);
			name = Products;
			sourceTree = "<group>";
		};
		14D7E43D1A48B83400FDBA04 /* RaceToTheTop */ = {
			isa = PBXGroup;
			children = (
				14D7E4481A48B83400FDBA04 /* Main.storyboard */,
				14D7E44B1A48B83400FDBA04 /* Images.xcassets */,
				14D7E44D1A48B83400FDBA04 /* LaunchScreen.xib */,
				14D7E43E1A48B83400FDBA04 /* Supporting Files */,
				14D7E4671A48B87C00FDBA04 /* Views */,
			);
			path = RaceToTheTop;
			sourceTree = "<group>";
		};
		14D7E43E1A48B83400FDBA04 /* Supporting Files */ = {
			isa = PBXGroup;
			children = (
				14D7E4421A48B83400FDBA04 /* AppDelegate.h */,
				14D7E4431A48B83400FDBA04 /* AppDelegate.m */,
				14D7E43F1A48B83400FDBA04 /* Info.plist */,
				14D7E4401A48B83400FDBA04 /* main.m */,
			);
			name = "Supporting Files";
			sourceTree = "<group>";
		};
		14D7E4571A48B83400FDBA04 /* RaceToTheTopTests */ = {
			isa = PBXGroup;
			children = (
				14D7E45A1A48B83400FDBA04 /* RaceToTheTopTests.m */,
				14D7E4581A48B83400FDBA04 /* Supporting Files */,
			);
			path = RaceToTheTopTests;
			sourceTree = "<group>";
		};
		14D7E4581A48B83400FDBA04 /* Supporting Files */ = {
			isa = PBXGroup;
			children = (
				14D7E4591A48B83400FDBA04 /* Info.plist */,
			);
			name = "Supporting Files";
			sourceTree = "<group>";
		};
		14D7E4671A48B87C00FDBA04 /* Views */ = {
			isa = PBXGroup;
			children = (
				14D7E4641A48B86B00FDBA04 /* RTSpaceShipView.h */,
				14D7E4651A48B86B00FDBA04 /* RTSpaceShipView.m */,
			);
			name = Views;
			path = ..;
			sourceTree = "<group>";
		};
/* End PBXGroup section */

/* Begin PBXNativeTarget section */
		14D7E43A1A48B83400FDBA04 /* RaceToTheTop */ = {
			isa = PBXNativeTarget;
			buildConfigurationList = 14D7E45E1A48B83400FDBA04 /* Build configuration list for PBXNativeTarget "RaceToTheTop" */;
			buildPhases = (
				14D7E4371A48B83400FDBA04 /* Sources */,
				14D7E4381A48B83400FDBA04 /* Frameworks */,
				14D7E4391A48B83400FDBA04 /* Resources */,
			);
			buildRules = (
			);
			dependencies = (
			);
			name = RaceToTheTop;
			productName = RaceToTheTop;
			productReference = 14D7E43B1A48B83400FDBA04 /* RaceToTheTop.app */;
			productType = "com.apple.product-type.application";
		};
		14D7E4531A48B83400FDBA04 /* RaceToTheTopTests */ = {
			isa = PBXNativeTarget;
			buildConfigurationList = 14D7E4611A48B83400FDBA04 /* Build configuration list for PBXNativeTarget "RaceToTheTopTests" */;
			buildPhases = (
				14D7E4501A48B83400FDBA04 /* Sources */,
				14D7E4511A48B83400FDBA04 /* Frameworks */,
				14D7E4521A48B83400FDBA04 /* Resources */,
			);
			buildRules = (
			);
			dependencies = (
				14D7E4561A48B83400FDBA04 /* PBXTargetDependency */,
			);
			name = RaceToTheTopTests;
			productName = RaceToTheTopTests;
			productReference = 14D7E4541A48B83400FDBA04 /* RaceToTheTopTests.xctest */;
			productType = "com.apple.product-type.bundle.unit-test";
		};
/* End PBXNativeTarget section */

/* Begin PBXProject section */
		14D7E4331A48B83400FDBA04 /* Project object */ = {
			isa = PBXProject;
			attributes = {
				LastUpgradeCheck = 0610;
				ORGANIZATIONNAME = zachary.weiner;
				TargetAttributes = {
					14D7E43A1A48B83400FDBA04 = {
						CreatedOnToolsVersion = 6.1.1;
					};
					14D7E4531A48B83400FDBA04 = {
						CreatedOnToolsVersion = 6.1.1;
						TestTargetID = 14D7E43A1A48B83400FDBA04;
					};
				};
			};
			buildConfigurationList = 14D7E4361A48B83400FDBA04 /* Build configuration list for PBXProject "RaceToTheTop" */;
			compatibilityVersion = "Xcode 3.2";
			developmentRegion = English;
			hasScannedForEncodings = 0;
			knownRegions = (
				en,
				Base,
			);
			mainGroup = 14D7E4321A48B83400FDBA04;
			productRefGroup = 14D7E43C1A48B83400FDBA04 /* Products */;
			projectDirPath = "";
			projectRoot = "";
			targets = (
				14D7E43A1A48B83400FDBA04 /* RaceToTheTop */,
				14D7E4531A48B83400FDBA04 /* RaceToTheTopTests */,
			);
		};
/* End PBXProject section */

/* Begin PBXResourcesBuildPhase section */
		14D7E4391A48B83400FDBA04 /* Resources */ = {
			isa = PBXResourcesBuildPhase;
			buildActionMask = 2147483647;
			files = (
				14D7E44A1A48B83400FDBA04 /* Main.storyboard in Resources */,
				14D7E44F1A48B83400FDBA04 /* LaunchScreen.xib in Resources */,
				14D7E44C1A48B83400FDBA04 /* Images.xcassets in Resources */,
			);
			runOnlyForDeploymentPostprocessing = 0;
		};
		14D7E4521A48B83400FDBA04 /* Resources */ = {
			isa = PBXResourcesBuildPhase;
			buildActionMask = 2147483647;
			files = (
			);
			runOnlyForDeploymentPostprocessing = 0;
		};
/* End PBXResourcesBuildPhase section */

/* Begin PBXSourcesBuildPhase section */
		14D7E4371A48B83400FDBA04 /* Sources */ = {
			isa = PBXSourcesBuildPhase;
			buildActionMask = 2147483647;
			files = (
				14D7E4661A48B86B00FDBA04 /* RTSpaceShipView.m in Sources */,
				14D7E4441A48B83400FDBA04 /* AppDelegate.m in Sources */,
				14D7E4411A48B83400FDBA04 /* main.m in Sources */,
			);
			runOnlyForDeploymentPostprocessing = 0;
		};
		14D7E4501A48B83400FDBA04 /* Sources */ = {
			isa = PBXSourcesBuildPhase;
			buildActionMask = 2147483647;
			files = (
				14D7E45B1A48B83400FDBA04 /* RaceToTheTopTests.m in Sources */,
			);
			runOnlyForDeploymentPostprocessing = 0;
		};
/* End PBXSourcesBuildPhase section */

/* Begin PBXTargetDependency section */
		14D7E4561A48B83400FDBA04 /* PBXTargetDependency */ = {
			isa = PBXTargetDependency;
			target = 14D7E43A1A48B83400FDBA04 /* RaceToTheTop */;
			targetProxy = 14D7E4551A48B83400FDBA04 /* PBXContainerItemProxy */;
		};
/* End PBXTargetDependency section */

/* Begin PBXVariantGroup section */
		14D7E4481A48B83400FDBA04 /* Main.storyboard */ = {
			isa = PBXVariantGroup;
			children = (
				14D7E4491A48B83400FDBA04 /* Base */,
			);
			name = Main.storyboard;
			sourceTree = "<group>";
		};
		14D7E44D1A48B83400FDBA04 /* LaunchScreen.xib */ = {
			isa = PBXVariantGroup;
			children = (
				14D7E44E1A48B83400FDBA04 /* Base */,
			);
			name = LaunchScreen.xib;
			sourceTree = "<group>";
		};
/* End PBXVariantGroup section */

/* Begin XCBuildConfiguration section */
		14D7E45C1A48B83400FDBA04 /* Debug */ = {
			isa = XCBuildConfiguration;
			buildSettings = {
				ALWAYS_SEARCH_USER_PATHS = NO;
				CLANG_CXX_LANGUAGE_STANDARD = "gnu++0x";
				CLANG_CXX_LIBRARY = "libc++";
				CLANG_ENABLE_MODULES = YES;
				CLANG_ENABLE_OBJC_ARC = YES;
				CLANG_WARN_BOOL_CONVERSION = YES;
				CLANG_WARN_CONSTANT_CONVERSION = YES;
				CLANG_WARN_DIRECT_OBJC_ISA_USAGE = YES_ERROR;
				CLANG_WARN_EMPTY_BODY = YES;
				CLANG_WARN_ENUM_CONVERSION = YES;
				CLANG_WARN_INT_CONVERSION = YES;
				CLANG_WARN_OBJC_ROOT_CLASS = YES_ERROR;
				CLANG_WARN_UNREACHABLE_CODE = YES;
				CLANG_WARN__DUPLICATE_METHOD_MATCH = YES;
				"CODE_SIGN_IDENTITY[sdk=iphoneos*]" = "iPhone Developer";
				COPY_PHASE_STRIP = NO;
				ENABLE_STRICT_OBJC_MSGSEND = YES;
				GCC_C_LANGUAGE_STANDARD = gnu99;
				GCC_DYNAMIC_NO_PIC = NO;
				GCC_OPTIMIZATION_LEVEL = 0;
				GCC_PREPROCESSOR_DEFINITIONS = (
					"DEBUG=1",
					"$(inherited)",
				);
				GCC_SYMBOLS_PRIVATE_EXTERN = NO;
				GCC_WARN_64_TO_32_BIT_CONVERSION = YES;
				GCC_WARN_ABOUT_RETURN_TYPE = YES_ERROR;
				GCC_WARN_UNDECLARED_SELECTOR = YES;
				GCC_WARN_UNINITIALIZED_AUTOS = YES_AGGRESSIVE;
				GCC_WARN_UNUSED_FUNCTION = YES;
				GCC_WARN_UNUSED_VARIABLE = YES;
				IPHONEOS_DEPLOYMENT_TARGET = 8.1;
				MTL_ENABLE_DEBUG_INFO = YES;
				ONLY_ACTIVE_ARCH = YES;
				SDKROOT = iphoneos;
				TARGETED_DEVICE_FAMILY = "1,2";
			};
			name = Debug;
		};
		14D7E45D1A48B83400FDBA04 /* Release */ = {
			isa = XCBuildConfiguration;
			buildSettings = {
				ALWAYS_SEARCH_USER_PATHS = NO;
				CLANG_CXX_LANGUAGE_STANDARD = "gnu++0x";
				CLANG_CXX_LIBRARY = "libc++";
				CLANG_ENABLE_MODULES = YES;
				CLANG_ENABLE_OBJC_ARC = YES;
				CLANG_WARN_BOOL_CONVERSION = YES;
				CLANG_WARN_CONSTANT_CONVERSION = YES;
				CLANG_WARN_DIRECT_OBJC_ISA_USAGE = YES_ERROR;
				CLANG_WARN_EMPTY_BODY = YES;
				CLANG_WARN_ENUM_CONVERSION = YES;
				CLANG_WARN_INT_CONVERSION = YES;
				CLANG_WARN_OBJC_ROOT_CLASS = YES_ERROR;
				CLANG_WARN_UNREACHABLE_CODE = YES;
				CLANG_WARN__DUPLICATE_METHOD_MATCH = YES;
				"CODE_SIGN_IDENTITY[sdk=iphoneos*]" = "iPhone Developer";
				COPY_PHASE_STRIP = YES;
				ENABLE_NS_ASSERTIONS = NO;
				ENABLE_STRICT_OBJC_MSGSEND = YES;
				GCC_C_LANGUAGE_STANDARD = gnu99;
				GCC_WARN_64_TO_32_BIT_CONVERSION = YES;
				GCC_WARN_ABOUT_RETURN_TYPE = YES_ERROR;
				GCC_WARN_UNDECLARED_SELECTOR = YES;
				GCC_WARN_UNINITIALIZED_AUTOS = YES_AGGRESSIVE;
				GCC_WARN_UNUSED_FUNCTION = YES;
				GCC_WARN_UNUSED_VARIABLE = YES;
				IPHONEOS_DEPLOYMENT_TARGET = 8.1;
				MTL_ENABLE_DEBUG_INFO = NO;
				SDKROOT = iphoneos;
				TARGETED_DEVICE_FAMILY = "1,2";
				VALIDATE_PRODUCT = YES;
			};
			name = Release;
		};
		14D7E45F1A48B83400FDBA04 /* Debug */ = {
			isa = XCBuildConfiguration;
			buildSettings = {
				ASSETCATALOG_COMPILER_APPICON_NAME = AppIcon;
				INFOPLIST_FILE = RaceToTheTop/Info.plist;
				LD_RUNPATH_SEARCH_PATHS = "$(inherited) @executable_path/Frameworks";
				PRODUCT_NAME = "$(TARGET_NAME)";
			};
			name = Debug;
		};
		14D7E4601A48B83400FDBA04 /* Release */ = {
			isa = XCBuildConfiguration;
			buildSettings = {
				ASSETCATALOG_COMPILER_APPICON_NAME = AppIcon;
				INFOPLIST_FILE = RaceToTheTop/Info.plist;
				LD_RUNPATH_SEARCH_PATHS = "$(inherited) @executable_path/Frameworks";
				PRODUCT_NAME = "$(TARGET_NAME)";
			};
			name = Release;
		};
		14D7E4621A48B83400FDBA04 /* Debug */ = {
			isa = XCBuildConfiguration;
			buildSettings = {
				BUNDLE_LOADER = "$(TEST_HOST)";
				FRAMEWORK_SEARCH_PATHS = (
					"$(SDKROOT)/Developer/Library/Frameworks",
					"$(inherited)",
				);
				GCC_PREPROCESSOR_DEFINITIONS = (
					"DEBUG=1",
					"$(inherited)",
				);
				INFOPLIST_FILE = RaceToTheTopTests/Info.plist;
				LD_RUNPATH_SEARCH_PATHS = "$(inherited) @executable_path/Frameworks @loader_path/Frameworks";
				PRODUCT_NAME = "$(TARGET_NAME)";
				TEST_HOST = "$(BUILT_PRODUCTS_DIR)/RaceToTheTop.app/RaceToTheTop";
			};
			name = Debug;
		};
		14D7E4631A48B83400FDBA04 /* Release */ = {
			isa = XCBuildConfiguration;
			buildSettings = {
				BUNDLE_LOADER = "$(TEST_HOST)";
				FRAMEWORK_SEARCH_PATHS = (
					"$(SDKROOT)/Developer/Library/Frameworks",
					"$(inherited)",
				);
				INFOPLIST_FILE = RaceToTheTopTests/Info.plist;
				LD_RUNPATH_SEARCH_PATHS = "$(inherited) @executable_path/Frameworks @loader_path/Frameworks";
				PRODUCT_NAME = "$(TARGET_NAME)";
				TEST_HOST = "$(BUILT_PRODUCTS_DIR)/RaceToTheTop.app/RaceToTheTop";
			};
			name = Release;
		};
/* End XCBuildConfiguration section */

/* Begin XCConfigurationList section */
		14D7E4361A48B83400FDBA04 /* Build configuration list for PBXProject "RaceToTheTop" */ = {
			isa = XCConfigurationList;
			buildConfigurations = (
				14D7E45C1A48B83400FDBA04 /* Debug */,
				14D7E45D1A48B83400FDBA04 /* Release */,
			);
			defaultConfigurationIsVisible = 0;
			defaultConfigurationName = Release;
		};
		14D7E45E1A48B83400FDBA04 /* Build configuration list for PBXNativeTarget "RaceToTheTop" */ = {
			isa = XCConfigurationList;
			buildConfigurations = (
				14D7E45F1A48B83400FDBA04 /* Debug */,
				14D7E4601A48B83400FDBA04 /* Release */,
			);
			defaultConfigurationIsVisible = 0;
		};
		14D7E4611A48B83400FDBA04 /* Build configuration list for PBXNativeTarget "RaceToTheTopTests" */ = {
			isa = XCConfigurationList;
			buildConfigurations = (
				14D7E4621A48B83400FDBA04 /* Debug */,
				14D7E4631A48B83400FDBA04 /* Release */,
			);
			defaultConfigurationIsVisible = 0;
		};
/* End XCConfigurationList section */
	};
	rootObject = 14D7E4331A48B83400FDBA04 /* Project object */;
}
