// !$*UTF8*$!
{
	archiveVersion = 1;
	classes = {
	};
	objectVersion = 46;
	objects = {

/* Begin PBXBuildFile section */
		143B8F8A1A3CC0EB002DC2CA /* main.m in Sources */ = {isa = PBXBuildFile; fileRef = 143B8F891A3CC0EB002DC2CA /* main.m */; };
		143B8F8D1A3CC0EB002DC2CA /* AppDelegate.m in Sources */ = {isa = PBXBuildFile; fileRef = 143B8F8C1A3CC0EB002DC2CA /* AppDelegate.m */; };
		143B8F901A3CC0EB002DC2CA /* ViewController.m in Sources */ = {isa = PBXBuildFile; fileRef = 143B8F8F1A3CC0EB002DC2CA /* ViewController.m */; };
		143B8F931A3CC0EB002DC2CA /* Main.storyboard in Resources */ = {isa = PBXBuildFile; fileRef = 143B8F911A3CC0EB002DC2CA /* Main.storyboard */; };
		143B8F951A3CC0EB002DC2CA /* Images.xcassets in Resources */ = {isa = PBXBuildFile; fileRef = 143B8F941A3CC0EB002DC2CA /* Images.xcassets */; };
		143B8F981A3CC0EB002DC2CA /* LaunchScreen.xib in Resources */ = {isa = PBXBuildFile; fileRef = 143B8F961A3CC0EB002DC2CA /* LaunchScreen.xib */; };
		143B8FA41A3CC0EB002DC2CA /* PostcardTests.m in Sources */ = {isa = PBXBuildFile; fileRef = 143B8FA31A3CC0EB002DC2CA /* PostcardTests.m */; };
/* End PBXBuildFile section */

/* Begin PBXContainerItemProxy section */
		143B8F9E1A3CC0EB002DC2CA /* PBXContainerItemProxy */ = {
			isa = PBXContainerItemProxy;
			containerPortal = 143B8F7C1A3CC0EB002DC2CA /* Project object */;
			proxyType = 1;
			remoteGlobalIDString = 143B8F831A3CC0EB002DC2CA;
			remoteInfo = Postcard;
		};
/* End PBXContainerItemProxy section */

/* Begin PBXFileReference section */
		143B8F841A3CC0EB002DC2CA /* Postcard.app */ = {isa = PBXFileReference; explicitFileType = wrapper.application; includeInIndex = 0; path = Postcard.app; sourceTree = BUILT_PRODUCTS_DIR; };
		143B8F881A3CC0EB002DC2CA /* Info.plist */ = {isa = PBXFileReference; lastKnownFileType = text.plist.xml; path = Info.plist; sourceTree = "<group>"; };
		143B8F891A3CC0EB002DC2CA /* main.m */ = {isa = PBXFileReference; lastKnownFileType = sourcecode.c.objc; path = main.m; sourceTree = "<group>"; };
		143B8F8B1A3CC0EB002DC2CA /* AppDelegate.h */ = {isa = PBXFileReference; lastKnownFileType = sourcecode.c.h; path = AppDelegate.h; sourceTree = "<group>"; };
		143B8F8C1A3CC0EB002DC2CA /* AppDelegate.m */ = {isa = PBXFileReference; lastKnownFileType = sourcecode.c.objc; path = AppDelegate.m; sourceTree = "<group>"; };
		143B8F8E1A3CC0EB002DC2CA /* ViewController.h */ = {isa = PBXFileReference; lastKnownFileType = sourcecode.c.h; path = ViewController.h; sourceTree = "<group>"; };
		143B8F8F1A3CC0EB002DC2CA /* ViewController.m */ = {isa = PBXFileReference; lastKnownFileType = sourcecode.c.objc; path = ViewController.m; sourceTree = "<group>"; };
		143B8F921A3CC0EB002DC2CA /* Base */ = {isa = PBXFileReference; lastKnownFileType = file.storyboard; name = Base; path = Base.lproj/Main.storyboard; sourceTree = "<group>"; };
		143B8F941A3CC0EB002DC2CA /* Images.xcassets */ = {isa = PBXFileReference; lastKnownFileType = folder.assetcatalog; path = Images.xcassets; sourceTree = "<group>"; };
		143B8F971A3CC0EB002DC2CA /* Base */ = {isa = PBXFileReference; lastKnownFileType = file.xib; name = Base; path = Base.lproj/LaunchScreen.xib; sourceTree = "<group>"; };
		143B8F9D1A3CC0EB002DC2CA /* PostcardTests.xctest */ = {isa = PBXFileReference; explicitFileType = wrapper.cfbundle; includeInIndex = 0; path = PostcardTests.xctest; sourceTree = BUILT_PRODUCTS_DIR; };
		143B8FA21A3CC0EB002DC2CA /* Info.plist */ = {isa = PBXFileReference; lastKnownFileType = text.plist.xml; path = Info.plist; sourceTree = "<group>"; };
		143B8FA31A3CC0EB002DC2CA /* PostcardTests.m */ = {isa = PBXFileReference; lastKnownFileType = sourcecode.c.objc; path = PostcardTests.m; sourceTree = "<group>"; };
/* End PBXFileReference section */

/* Begin PBXFrameworksBuildPhase section */
		143B8F811A3CC0EB002DC2CA /* Frameworks */ = {
			isa = PBXFrameworksBuildPhase;
			buildActionMask = 2147483647;
			files = (
			);
			runOnlyForDeploymentPostprocessing = 0;
		};
		143B8F9A1A3CC0EB002DC2CA /* Frameworks */ = {
			isa = PBXFrameworksBuildPhase;
			buildActionMask = 2147483647;
			files = (
			);
			runOnlyForDeploymentPostprocessing = 0;
		};
/* End PBXFrameworksBuildPhase section */

/* Begin PBXGroup section */
		143B8F7B1A3CC0EB002DC2CA = {
			isa = PBXGroup;
			children = (
				143B8F861A3CC0EB002DC2CA /* Postcard */,
				143B8FA01A3CC0EB002DC2CA /* PostcardTests */,
				143B8F851A3CC0EB002DC2CA /* Products */,
			);
			sourceTree = "<group>";
		};
		143B8F851A3CC0EB002DC2CA /* Products */ = {
			isa = PBXGroup;
			children = (
				143B8F841A3CC0EB002DC2CA /* Postcard.app */,
				143B8F9D1A3CC0EB002DC2CA /* PostcardTests.xctest */,
			);
			name = Products;
			sourceTree = "<group>";
		};
		143B8F861A3CC0EB002DC2CA /* Postcard */ = {
			isa = PBXGroup;
			children = (
				143B8F8B1A3CC0EB002DC2CA /* AppDelegate.h */,
				143B8F8C1A3CC0EB002DC2CA /* AppDelegate.m */,
				143B8F8E1A3CC0EB002DC2CA /* ViewController.h */,
				143B8F8F1A3CC0EB002DC2CA /* ViewController.m */,
				143B8F911A3CC0EB002DC2CA /* Main.storyboard */,
				143B8F941A3CC0EB002DC2CA /* Images.xcassets */,
				143B8F961A3CC0EB002DC2CA /* LaunchScreen.xib */,
				143B8F871A3CC0EB002DC2CA /* Supporting Files */,
			);
			path = Postcard;
			sourceTree = "<group>";
		};
		143B8F871A3CC0EB002DC2CA /* Supporting Files */ = {
			isa = PBXGroup;
			children = (
				143B8F881A3CC0EB002DC2CA /* Info.plist */,
				143B8F891A3CC0EB002DC2CA /* main.m */,
			);
			name = "Supporting Files";
			sourceTree = "<group>";
		};
		143B8FA01A3CC0EB002DC2CA /* PostcardTests */ = {
			isa = PBXGroup;
			children = (
				143B8FA31A3CC0EB002DC2CA /* PostcardTests.m */,
				143B8FA11A3CC0EB002DC2CA /* Supporting Files */,
			);
			path = PostcardTests;
			sourceTree = "<group>";
		};
		143B8FA11A3CC0EB002DC2CA /* Supporting Files */ = {
			isa = PBXGroup;
			children = (
				143B8FA21A3CC0EB002DC2CA /* Info.plist */,
			);
			name = "Supporting Files";
			sourceTree = "<group>";
		};
/* End PBXGroup section */

/* Begin PBXNativeTarget section */
		143B8F831A3CC0EB002DC2CA /* Postcard */ = {
			isa = PBXNativeTarget;
			buildConfigurationList = 143B8FA71A3CC0EB002DC2CA /* Build configuration list for PBXNativeTarget "Postcard" */;
			buildPhases = (
				143B8F801A3CC0EB002DC2CA /* Sources */,
				143B8F811A3CC0EB002DC2CA /* Frameworks */,
				143B8F821A3CC0EB002DC2CA /* Resources */,
			);
			buildRules = (
			);
			dependencies = (
			);
			name = Postcard;
			productName = Postcard;
			productReference = 143B8F841A3CC0EB002DC2CA /* Postcard.app */;
			productType = "com.apple.product-type.application";
		};
		143B8F9C1A3CC0EB002DC2CA /* PostcardTests */ = {
			isa = PBXNativeTarget;
			buildConfigurationList = 143B8FAA1A3CC0EB002DC2CA /* Build configuration list for PBXNativeTarget "PostcardTests" */;
			buildPhases = (
				143B8F991A3CC0EB002DC2CA /* Sources */,
				143B8F9A1A3CC0EB002DC2CA /* Frameworks */,
				143B8F9B1A3CC0EB002DC2CA /* Resources */,
			);
			buildRules = (
			);
			dependencies = (
				143B8F9F1A3CC0EB002DC2CA /* PBXTargetDependency */,
			);
			name = PostcardTests;
			productName = PostcardTests;
			productReference = 143B8F9D1A3CC0EB002DC2CA /* PostcardTests.xctest */;
			productType = "com.apple.product-type.bundle.unit-test";
		};
/* End PBXNativeTarget section */

/* Begin PBXProject section */
		143B8F7C1A3CC0EB002DC2CA /* Project object */ = {
			isa = PBXProject;
			attributes = {
				LastUpgradeCheck = 0610;
				ORGANIZATIONNAME = zachary.weiner;
				TargetAttributes = {
					143B8F831A3CC0EB002DC2CA = {
						CreatedOnToolsVersion = 6.1.1;
					};
					143B8F9C1A3CC0EB002DC2CA = {
						CreatedOnToolsVersion = 6.1.1;
						TestTargetID = 143B8F831A3CC0EB002DC2CA;
					};
				};
			};
			buildConfigurationList = 143B8F7F1A3CC0EB002DC2CA /* Build configuration list for PBXProject "Postcard" */;
			compatibilityVersion = "Xcode 3.2";
			developmentRegion = English;
			hasScannedForEncodings = 0;
			knownRegions = (
				en,
				Base,
			);
			mainGroup = 143B8F7B1A3CC0EB002DC2CA;
			productRefGroup = 143B8F851A3CC0EB002DC2CA /* Products */;
			projectDirPath = "";
			projectRoot = "";
			targets = (
				143B8F831A3CC0EB002DC2CA /* Postcard */,
				143B8F9C1A3CC0EB002DC2CA /* PostcardTests */,
			);
		};
/* End PBXProject section */

/* Begin PBXResourcesBuildPhase section */
		143B8F821A3CC0EB002DC2CA /* Resources */ = {
			isa = PBXResourcesBuildPhase;
			buildActionMask = 2147483647;
			files = (
				143B8F931A3CC0EB002DC2CA /* Main.storyboard in Resources */,
				143B8F981A3CC0EB002DC2CA /* LaunchScreen.xib in Resources */,
				143B8F951A3CC0EB002DC2CA /* Images.xcassets in Resources */,
			);
			runOnlyForDeploymentPostprocessing = 0;
		};
		143B8F9B1A3CC0EB002DC2CA /* Resources */ = {
			isa = PBXResourcesBuildPhase;
			buildActionMask = 2147483647;
			files = (
			);
			runOnlyForDeploymentPostprocessing = 0;
		};
/* End PBXResourcesBuildPhase section */

/* Begin PBXSourcesBuildPhase section */
		143B8F801A3CC0EB002DC2CA /* Sources */ = {
			isa = PBXSourcesBuildPhase;
			buildActionMask = 2147483647;
			files = (
				143B8F901A3CC0EB002DC2CA /* ViewController.m in Sources */,
				143B8F8D1A3CC0EB002DC2CA /* AppDelegate.m in Sources */,
				143B8F8A1A3CC0EB002DC2CA /* main.m in Sources */,
			);
			runOnlyForDeploymentPostprocessing = 0;
		};
		143B8F991A3CC0EB002DC2CA /* Sources */ = {
			isa = PBXSourcesBuildPhase;
			buildActionMask = 2147483647;
			files = (
				143B8FA41A3CC0EB002DC2CA /* PostcardTests.m in Sources */,
			);
			runOnlyForDeploymentPostprocessing = 0;
		};
/* End PBXSourcesBuildPhase section */

/* Begin PBXTargetDependency section */
		143B8F9F1A3CC0EB002DC2CA /* PBXTargetDependency */ = {
			isa = PBXTargetDependency;
			target = 143B8F831A3CC0EB002DC2CA /* Postcard */;
			targetProxy = 143B8F9E1A3CC0EB002DC2CA /* PBXContainerItemProxy */;
		};
/* End PBXTargetDependency section */

/* Begin PBXVariantGroup section */
		143B8F911A3CC0EB002DC2CA /* Main.storyboard */ = {
			isa = PBXVariantGroup;
			children = (
				143B8F921A3CC0EB002DC2CA /* Base */,
			);
			name = Main.storyboard;
			sourceTree = "<group>";
		};
		143B8F961A3CC0EB002DC2CA /* LaunchScreen.xib */ = {
			isa = PBXVariantGroup;
			children = (
				143B8F971A3CC0EB002DC2CA /* Base */,
			);
			name = LaunchScreen.xib;
			sourceTree = "<group>";
		};
/* End PBXVariantGroup section */

/* Begin XCBuildConfiguration section */
		143B8FA51A3CC0EB002DC2CA /* Debug */ = {
			isa = XCBuildConfiguration;
			buildSettings = {
				ALWAYS_SEARCH_USER_PATHS = NO;
				CLANG_CXX_LANGUAGE_STANDARD = "gnu++0x";
				CLANG_CXX_LIBRARY = "libc++";
				CLANG_ENABLE_MODULES = YES;
				CLANG_ENABLE_OBJC_ARC = YES;
				CLANG_WARN_BOOL_CONVERSION = YES;
				CLANG_WARN_CONSTANT_CONVERSION = YES;
				CLANG_WARN_DIRECT_OBJC_ISA_USAGE = YES_ERROR;
				CLANG_WARN_EMPTY_BODY = YES;
				CLANG_WARN_ENUM_CONVERSION = YES;
				CLANG_WARN_INT_CONVERSION = YES;
				CLANG_WARN_OBJC_ROOT_CLASS = YES_ERROR;
				CLANG_WARN_UNREACHABLE_CODE = YES;
				CLANG_WARN__DUPLICATE_METHOD_MATCH = YES;
				"CODE_SIGN_IDENTITY[sdk=iphoneos*]" = "iPhone Developer";
				COPY_PHASE_STRIP = NO;
				ENABLE_STRICT_OBJC_MSGSEND = YES;
				GCC_C_LANGUAGE_STANDARD = gnu99;
				GCC_DYNAMIC_NO_PIC = NO;
				GCC_OPTIMIZATION_LEVEL = 0;
				GCC_PREPROCESSOR_DEFINITIONS = (
					"DEBUG=1",
					"$(inherited)",
				);
				GCC_SYMBOLS_PRIVATE_EXTERN = NO;
				GCC_WARN_64_TO_32_BIT_CONVERSION = YES;
				GCC_WARN_ABOUT_RETURN_TYPE = YES_ERROR;
				GCC_WARN_UNDECLARED_SELECTOR = YES;
				GCC_WARN_UNINITIALIZED_AUTOS = YES_AGGRESSIVE;
				GCC_WARN_UNUSED_FUNCTION = YES;
				GCC_WARN_UNUSED_VARIABLE = YES;
				IPHONEOS_DEPLOYMENT_TARGET = 8.1;
				MTL_ENABLE_DEBUG_INFO = YES;
				ONLY_ACTIVE_ARCH = YES;
				SDKROOT = iphoneos;
				TARGETED_DEVICE_FAMILY = "1,2";
			};
			name = Debug;
		};
		143B8FA61A3CC0EB002DC2CA /* Release */ = {
			isa = XCBuildConfiguration;
			buildSettings = {
				ALWAYS_SEARCH_USER_PATHS = NO;
				CLANG_CXX_LANGUAGE_STANDARD = "gnu++0x";
				CLANG_CXX_LIBRARY = "libc++";
				CLANG_ENABLE_MODULES = YES;
				CLANG_ENABLE_OBJC_ARC = YES;
				CLANG_WARN_BOOL_CONVERSION = YES;
				CLANG_WARN_CONSTANT_CONVERSION = YES;
				CLANG_WARN_DIRECT_OBJC_ISA_USAGE = YES_ERROR;
				CLANG_WARN_EMPTY_BODY = YES;
				CLANG_WARN_ENUM_CONVERSION = YES;
				CLANG_WARN_INT_CONVERSION = YES;
				CLANG_WARN_OBJC_ROOT_CLASS = YES_ERROR;
				CLANG_WARN_UNREACHABLE_CODE = YES;
				CLANG_WARN__DUPLICATE_METHOD_MATCH = YES;
				"CODE_SIGN_IDENTITY[sdk=iphoneos*]" = "iPhone Developer";
				COPY_PHASE_STRIP = YES;
				ENABLE_NS_ASSERTIONS = NO;
				ENABLE_STRICT_OBJC_MSGSEND = YES;
				GCC_C_LANGUAGE_STANDARD = gnu99;
				GCC_WARN_64_TO_32_BIT_CONVERSION = YES;
				GCC_WARN_ABOUT_RETURN_TYPE = YES_ERROR;
				GCC_WARN_UNDECLARED_SELECTOR = YES;
				GCC_WARN_UNINITIALIZED_AUTOS = YES_AGGRESSIVE;
				GCC_WARN_UNUSED_FUNCTION = YES;
				GCC_WARN_UNUSED_VARIABLE = YES;
				IPHONEOS_DEPLOYMENT_TARGET = 8.1;
				MTL_ENABLE_DEBUG_INFO = NO;
				SDKROOT = iphoneos;
				TARGETED_DEVICE_FAMILY = "1,2";
				VALIDATE_PRODUCT = YES;
			};
			name = Release;
		};
		143B8FA81A3CC0EB002DC2CA /* Debug */ = {
			isa = XCBuildConfiguration;
			buildSettings = {
				ASSETCATALOG_COMPILER_APPICON_NAME = AppIcon;
				INFOPLIST_FILE = Postcard/Info.plist;
				LD_RUNPATH_SEARCH_PATHS = "$(inherited) @executable_path/Frameworks";
				PRODUCT_NAME = "$(TARGET_NAME)";
			};
			name = Debug;
		};
		143B8FA91A3CC0EB002DC2CA /* Release */ = {
			isa = XCBuildConfiguration;
			buildSettings = {
				ASSETCATALOG_COMPILER_APPICON_NAME = AppIcon;
				INFOPLIST_FILE = Postcard/Info.plist;
				LD_RUNPATH_SEARCH_PATHS = "$(inherited) @executable_path/Frameworks";
				PRODUCT_NAME = "$(TARGET_NAME)";
			};
			name = Release;
		};
		143B8FAB1A3CC0EB002DC2CA /* Debug */ = {
			isa = XCBuildConfiguration;
			buildSettings = {
				BUNDLE_LOADER = "$(TEST_HOST)";
				FRAMEWORK_SEARCH_PATHS = (
					"$(SDKROOT)/Developer/Library/Frameworks",
					"$(inherited)",
				);
				GCC_PREPROCESSOR_DEFINITIONS = (
					"DEBUG=1",
					"$(inherited)",
				);
				INFOPLIST_FILE = PostcardTests/Info.plist;
				LD_RUNPATH_SEARCH_PATHS = "$(inherited) @executable_path/Frameworks @loader_path/Frameworks";
				PRODUCT_NAME = "$(TARGET_NAME)";
				TEST_HOST = "$(BUILT_PRODUCTS_DIR)/Postcard.app/Postcard";
			};
			name = Debug;
		};
		143B8FAC1A3CC0EB002DC2CA /* Release */ = {
			isa = XCBuildConfiguration;
			buildSettings = {
				BUNDLE_LOADER = "$(TEST_HOST)";
				FRAMEWORK_SEARCH_PATHS = (
					"$(SDKROOT)/Developer/Library/Frameworks",
					"$(inherited)",
				);
				INFOPLIST_FILE = PostcardTests/Info.plist;
				LD_RUNPATH_SEARCH_PATHS = "$(inherited) @executable_path/Frameworks @loader_path/Frameworks";
				PRODUCT_NAME = "$(TARGET_NAME)";
				TEST_HOST = "$(BUILT_PRODUCTS_DIR)/Postcard.app/Postcard";
			};
			name = Release;
		};
/* End XCBuildConfiguration section */

/* Begin XCConfigurationList section */
		143B8F7F1A3CC0EB002DC2CA /* Build configuration list for PBXProject "Postcard" */ = {
			isa = XCConfigurationList;
			buildConfigurations = (
				143B8FA51A3CC0EB002DC2CA /* Debug */,
				143B8FA61A3CC0EB002DC2CA /* Release */,
			);
			defaultConfigurationIsVisible = 0;
			defaultConfigurationName = Release;
		};
		143B8FA71A3CC0EB002DC2CA /* Build configuration list for PBXNativeTarget "Postcard" */ = {
			isa = XCConfigurationList;
			buildConfigurations = (
				143B8FA81A3CC0EB002DC2CA /* Debug */,
				143B8FA91A3CC0EB002DC2CA /* Release */,
			);
			defaultConfigurationIsVisible = 0;
		};
		143B8FAA1A3CC0EB002DC2CA /* Build configuration list for PBXNativeTarget "PostcardTests" */ = {
			isa = XCConfigurationList;
			buildConfigurations = (
				143B8FAB1A3CC0EB002DC2CA /* Debug */,
				143B8FAC1A3CC0EB002DC2CA /* Release */,
			);
			defaultConfigurationIsVisible = 0;
		};
/* End XCConfigurationList section */
	};
	rootObject = 143B8F7C1A3CC0EB002DC2CA /* Project object */;
}
