// !$*UTF8*$!
{
	archiveVersion = 1;
	classes = {
	};
	objectVersion = 46;
	objects = {

/* Begin PBXBuildFile section */
		14384DCE1A3FB0A70086E881 /* feedViewCell.swift in Sources */ = {isa = PBXBuildFile; fileRef = 14384DCD1A3FB0A70086E881 /* feedViewCell.swift */; };
		14384DD01A3FB2120086E881 /* MobileCoreServices.framework in Frameworks */ = {isa = PBXBuildFile; fileRef = 14384DCF1A3FB2120086E881 /* MobileCoreServices.framework */; };
		14840A781A3F88D600A3FC3B /* FeedViewController.swift in Sources */ = {isa = PBXBuildFile; fileRef = 14AB36361A3F864B009F7C43 /* FeedViewController.swift */; };
		14AB36141A3F862F009F7C43 /* AppDelegate.swift in Sources */ = {isa = PBXBuildFile; fileRef = 14AB36131A3F862F009F7C43 /* AppDelegate.swift */; };
		14AB36171A3F862F009F7C43 /* ExchangeAGram.xcdatamodeld in Sources */ = {isa = PBXBuildFile; fileRef = 14AB36151A3F862F009F7C43 /* ExchangeAGram.xcdatamodeld */; };
		14AB36191A3F862F009F7C43 /* ViewController.swift in Sources */ = {isa = PBXBuildFile; fileRef = 14AB36181A3F862F009F7C43 /* ViewController.swift */; };
		14AB361C1A3F862F009F7C43 /* Main.storyboard in Resources */ = {isa = PBXBuildFile; fileRef = 14AB361A1A3F862F009F7C43 /* Main.storyboard */; };
		14AB361E1A3F862F009F7C43 /* Images.xcassets in Resources */ = {isa = PBXBuildFile; fileRef = 14AB361D1A3F862F009F7C43 /* Images.xcassets */; };
		14AB36211A3F862F009F7C43 /* LaunchScreen.xib in Resources */ = {isa = PBXBuildFile; fileRef = 14AB361F1A3F862F009F7C43 /* LaunchScreen.xib */; };
		14AB362D1A3F862F009F7C43 /* ExchangeAGramTests.swift in Sources */ = {isa = PBXBuildFile; fileRef = 14AB362C1A3F862F009F7C43 /* ExchangeAGramTests.swift */; };
/* End PBXBuildFile section */

/* Begin PBXContainerItemProxy section */
		14AB36271A3F862F009F7C43 /* PBXContainerItemProxy */ = {
			isa = PBXContainerItemProxy;
			containerPortal = 14AB36061A3F862F009F7C43 /* Project object */;
			proxyType = 1;
			remoteGlobalIDString = 14AB360D1A3F862F009F7C43;
			remoteInfo = ExchangeAGram;
		};
/* End PBXContainerItemProxy section */

/* Begin PBXFileReference section */
		14384DCD1A3FB0A70086E881 /* feedViewCell.swift */ = {isa = PBXFileReference; fileEncoding = 4; lastKnownFileType = sourcecode.swift; path = feedViewCell.swift; sourceTree = "<group>"; };
		14384DCF1A3FB2120086E881 /* MobileCoreServices.framework */ = {isa = PBXFileReference; lastKnownFileType = wrapper.framework; name = MobileCoreServices.framework; path = System/Library/Frameworks/MobileCoreServices.framework; sourceTree = SDKROOT; };
		14AB360E1A3F862F009F7C43 /* ExchangeAGram.app */ = {isa = PBXFileReference; explicitFileType = wrapper.application; includeInIndex = 0; path = ExchangeAGram.app; sourceTree = BUILT_PRODUCTS_DIR; };
		14AB36121A3F862F009F7C43 /* Info.plist */ = {isa = PBXFileReference; lastKnownFileType = text.plist.xml; path = Info.plist; sourceTree = "<group>"; };
		14AB36131A3F862F009F7C43 /* AppDelegate.swift */ = {isa = PBXFileReference; lastKnownFileType = sourcecode.swift; path = AppDelegate.swift; sourceTree = "<group>"; };
		14AB36161A3F862F009F7C43 /* ExchangeAGram.xcdatamodel */ = {isa = PBXFileReference; lastKnownFileType = wrapper.xcdatamodel; path = ExchangeAGram.xcdatamodel; sourceTree = "<group>"; };
		14AB36181A3F862F009F7C43 /* ViewController.swift */ = {isa = PBXFileReference; lastKnownFileType = sourcecode.swift; path = ViewController.swift; sourceTree = "<group>"; };
		14AB361B1A3F862F009F7C43 /* Base */ = {isa = PBXFileReference; lastKnownFileType = file.storyboard; name = Base; path = Base.lproj/Main.storyboard; sourceTree = "<group>"; };
		14AB361D1A3F862F009F7C43 /* Images.xcassets */ = {isa = PBXFileReference; lastKnownFileType = folder.assetcatalog; path = Images.xcassets; sourceTree = "<group>"; };
		14AB36201A3F862F009F7C43 /* Base */ = {isa = PBXFileReference; lastKnownFileType = file.xib; name = Base; path = Base.lproj/LaunchScreen.xib; sourceTree = "<group>"; };
		14AB36261A3F862F009F7C43 /* ExchangeAGramTests.xctest */ = {isa = PBXFileReference; explicitFileType = wrapper.cfbundle; includeInIndex = 0; path = ExchangeAGramTests.xctest; sourceTree = BUILT_PRODUCTS_DIR; };
		14AB362B1A3F862F009F7C43 /* Info.plist */ = {isa = PBXFileReference; lastKnownFileType = text.plist.xml; path = Info.plist; sourceTree = "<group>"; };
		14AB362C1A3F862F009F7C43 /* ExchangeAGramTests.swift */ = {isa = PBXFileReference; lastKnownFileType = sourcecode.swift; path = ExchangeAGramTests.swift; sourceTree = "<group>"; };
		14AB36361A3F864B009F7C43 /* FeedViewController.swift */ = {isa = PBXFileReference; fileEncoding = 4; lastKnownFileType = sourcecode.swift; path = FeedViewController.swift; sourceTree = "<group>"; };
/* End PBXFileReference section */

/* Begin PBXFrameworksBuildPhase section */
		14AB360B1A3F862F009F7C43 /* Frameworks */ = {
			isa = PBXFrameworksBuildPhase;
			buildActionMask = 2147483647;
			files = (
				14384DD01A3FB2120086E881 /* MobileCoreServices.framework in Frameworks */,
			);
			runOnlyForDeploymentPostprocessing = 0;
		};
		14AB36231A3F862F009F7C43 /* Frameworks */ = {
			isa = PBXFrameworksBuildPhase;
			buildActionMask = 2147483647;
			files = (
			);
			runOnlyForDeploymentPostprocessing = 0;
		};
/* End PBXFrameworksBuildPhase section */

/* Begin PBXGroup section */
		14AB36051A3F862F009F7C43 = {
			isa = PBXGroup;
			children = (
				14384DCF1A3FB2120086E881 /* MobileCoreServices.framework */,
				14AB36101A3F862F009F7C43 /* ExchangeAGram */,
				14AB36291A3F862F009F7C43 /* ExchangeAGramTests */,
				14AB360F1A3F862F009F7C43 /* Products */,
			);
			sourceTree = "<group>";
		};
		14AB360F1A3F862F009F7C43 /* Products */ = {
			isa = PBXGroup;
			children = (
				14AB360E1A3F862F009F7C43 /* ExchangeAGram.app */,
				14AB36261A3F862F009F7C43 /* ExchangeAGramTests.xctest */,
			);
			name = Products;
			sourceTree = "<group>";
		};
		14AB36101A3F862F009F7C43 /* ExchangeAGram */ = {
			isa = PBXGroup;
			children = (
				14AB36131A3F862F009F7C43 /* AppDelegate.swift */,
				14AB36181A3F862F009F7C43 /* ViewController.swift */,
				14AB36361A3F864B009F7C43 /* FeedViewController.swift */,
				14384DCD1A3FB0A70086E881 /* feedViewCell.swift */,
				14AB361A1A3F862F009F7C43 /* Main.storyboard */,
				14AB361D1A3F862F009F7C43 /* Images.xcassets */,
				14AB361F1A3F862F009F7C43 /* LaunchScreen.xib */,
				14AB36151A3F862F009F7C43 /* ExchangeAGram.xcdatamodeld */,
				14AB36111A3F862F009F7C43 /* Supporting Files */,
			);
			path = ExchangeAGram;
			sourceTree = "<group>";
		};
		14AB36111A3F862F009F7C43 /* Supporting Files */ = {
			isa = PBXGroup;
			children = (
				14AB36121A3F862F009F7C43 /* Info.plist */,
			);
			name = "Supporting Files";
			sourceTree = "<group>";
		};
		14AB36291A3F862F009F7C43 /* ExchangeAGramTests */ = {
			isa = PBXGroup;
			children = (
				14AB362C1A3F862F009F7C43 /* ExchangeAGramTests.swift */,
				14AB362A1A3F862F009F7C43 /* Supporting Files */,
			);
			path = ExchangeAGramTests;
			sourceTree = "<group>";
		};
		14AB362A1A3F862F009F7C43 /* Supporting Files */ = {
			isa = PBXGroup;
			children = (
				14AB362B1A3F862F009F7C43 /* Info.plist */,
			);
			name = "Supporting Files";
			sourceTree = "<group>";
		};
/* End PBXGroup section */

/* Begin PBXNativeTarget section */
		14AB360D1A3F862F009F7C43 /* ExchangeAGram */ = {
			isa = PBXNativeTarget;
			buildConfigurationList = 14AB36301A3F862F009F7C43 /* Build configuration list for PBXNativeTarget "ExchangeAGram" */;
			buildPhases = (
				14AB360A1A3F862F009F7C43 /* Sources */,
				14AB360B1A3F862F009F7C43 /* Frameworks */,
				14AB360C1A3F862F009F7C43 /* Resources */,
			);
			buildRules = (
			);
			dependencies = (
			);
			name = ExchangeAGram;
			productName = ExchangeAGram;
			productReference = 14AB360E1A3F862F009F7C43 /* ExchangeAGram.app */;
			productType = "com.apple.product-type.application";
		};
		14AB36251A3F862F009F7C43 /* ExchangeAGramTests */ = {
			isa = PBXNativeTarget;
			buildConfigurationList = 14AB36331A3F862F009F7C43 /* Build configuration list for PBXNativeTarget "ExchangeAGramTests" */;
			buildPhases = (
				14AB36221A3F862F009F7C43 /* Sources */,
				14AB36231A3F862F009F7C43 /* Frameworks */,
				14AB36241A3F862F009F7C43 /* Resources */,
			);
			buildRules = (
			);
			dependencies = (
				14AB36281A3F862F009F7C43 /* PBXTargetDependency */,
			);
			name = ExchangeAGramTests;
			productName = ExchangeAGramTests;
			productReference = 14AB36261A3F862F009F7C43 /* ExchangeAGramTests.xctest */;
			productType = "com.apple.product-type.bundle.unit-test";
		};
/* End PBXNativeTarget section */

/* Begin PBXProject section */
		14AB36061A3F862F009F7C43 /* Project object */ = {
			isa = PBXProject;
			attributes = {
				LastUpgradeCheck = 0610;
				ORGANIZATIONNAME = zachary.weiner;
				TargetAttributes = {
					14AB360D1A3F862F009F7C43 = {
						CreatedOnToolsVersion = 6.1.1;
					};
					14AB36251A3F862F009F7C43 = {
						CreatedOnToolsVersion = 6.1.1;
						TestTargetID = 14AB360D1A3F862F009F7C43;
					};
				};
			};
			buildConfigurationList = 14AB36091A3F862F009F7C43 /* Build configuration list for PBXProject "ExchangeAGram" */;
			compatibilityVersion = "Xcode 3.2";
			developmentRegion = English;
			hasScannedForEncodings = 0;
			knownRegions = (
				en,
				Base,
			);
			mainGroup = 14AB36051A3F862F009F7C43;
			productRefGroup = 14AB360F1A3F862F009F7C43 /* Products */;
			projectDirPath = "";
			projectRoot = "";
			targets = (
				14AB360D1A3F862F009F7C43 /* ExchangeAGram */,
				14AB36251A3F862F009F7C43 /* ExchangeAGramTests */,
			);
		};
/* End PBXProject section */

/* Begin PBXResourcesBuildPhase section */
		14AB360C1A3F862F009F7C43 /* Resources */ = {
			isa = PBXResourcesBuildPhase;
			buildActionMask = 2147483647;
			files = (
				14AB361C1A3F862F009F7C43 /* Main.storyboard in Resources */,
				14AB36211A3F862F009F7C43 /* LaunchScreen.xib in Resources */,
				14AB361E1A3F862F009F7C43 /* Images.xcassets in Resources */,
			);
			runOnlyForDeploymentPostprocessing = 0;
		};
		14AB36241A3F862F009F7C43 /* Resources */ = {
			isa = PBXResourcesBuildPhase;
			buildActionMask = 2147483647;
			files = (
			);
			runOnlyForDeploymentPostprocessing = 0;
		};
/* End PBXResourcesBuildPhase section */

/* Begin PBXSourcesBuildPhase section */
		14AB360A1A3F862F009F7C43 /* Sources */ = {
			isa = PBXSourcesBuildPhase;
			buildActionMask = 2147483647;
			files = (
				14840A781A3F88D600A3FC3B /* FeedViewController.swift in Sources */,
				14AB36191A3F862F009F7C43 /* ViewController.swift in Sources */,
				14AB36141A3F862F009F7C43 /* AppDelegate.swift in Sources */,
				14384DCE1A3FB0A70086E881 /* feedViewCell.swift in Sources */,
				14AB36171A3F862F009F7C43 /* ExchangeAGram.xcdatamodeld in Sources */,
			);
			runOnlyForDeploymentPostprocessing = 0;
		};
		14AB36221A3F862F009F7C43 /* Sources */ = {
			isa = PBXSourcesBuildPhase;
			buildActionMask = 2147483647;
			files = (
				14AB362D1A3F862F009F7C43 /* ExchangeAGramTests.swift in Sources */,
			);
			runOnlyForDeploymentPostprocessing = 0;
		};
/* End PBXSourcesBuildPhase section */

/* Begin PBXTargetDependency section */
		14AB36281A3F862F009F7C43 /* PBXTargetDependency */ = {
			isa = PBXTargetDependency;
			target = 14AB360D1A3F862F009F7C43 /* ExchangeAGram */;
			targetProxy = 14AB36271A3F862F009F7C43 /* PBXContainerItemProxy */;
		};
/* End PBXTargetDependency section */

/* Begin PBXVariantGroup section */
		14AB361A1A3F862F009F7C43 /* Main.storyboard */ = {
			isa = PBXVariantGroup;
			children = (
				14AB361B1A3F862F009F7C43 /* Base */,
			);
			name = Main.storyboard;
			sourceTree = "<group>";
		};
		14AB361F1A3F862F009F7C43 /* LaunchScreen.xib */ = {
			isa = PBXVariantGroup;
			children = (
				14AB36201A3F862F009F7C43 /* Base */,
			);
			name = LaunchScreen.xib;
			sourceTree = "<group>";
		};
/* End PBXVariantGroup section */

/* Begin XCBuildConfiguration section */
		14AB362E1A3F862F009F7C43 /* Debug */ = {
			isa = XCBuildConfiguration;
			buildSettings = {
				ALWAYS_SEARCH_USER_PATHS = NO;
				CLANG_CXX_LANGUAGE_STANDARD = "gnu++0x";
				CLANG_CXX_LIBRARY = "libc++";
				CLANG_ENABLE_MODULES = YES;
				CLANG_ENABLE_OBJC_ARC = YES;
				CLANG_WARN_BOOL_CONVERSION = YES;
				CLANG_WARN_CONSTANT_CONVERSION = YES;
				CLANG_WARN_DIRECT_OBJC_ISA_USAGE = YES_ERROR;
				CLANG_WARN_EMPTY_BODY = YES;
				CLANG_WARN_ENUM_CONVERSION = YES;
				CLANG_WARN_INT_CONVERSION = YES;
				CLANG_WARN_OBJC_ROOT_CLASS = YES_ERROR;
				CLANG_WARN_UNREACHABLE_CODE = YES;
				CLANG_WARN__DUPLICATE_METHOD_MATCH = YES;
				"CODE_SIGN_IDENTITY[sdk=iphoneos*]" = "iPhone Developer";
				COPY_PHASE_STRIP = NO;
				ENABLE_STRICT_OBJC_MSGSEND = YES;
				GCC_C_LANGUAGE_STANDARD = gnu99;
				GCC_DYNAMIC_NO_PIC = NO;
				GCC_OPTIMIZATION_LEVEL = 0;
				GCC_PREPROCESSOR_DEFINITIONS = (
					"DEBUG=1",
					"$(inherited)",
				);
				GCC_SYMBOLS_PRIVATE_EXTERN = NO;
				GCC_WARN_64_TO_32_BIT_CONVERSION = YES;
				GCC_WARN_ABOUT_RETURN_TYPE = YES_ERROR;
				GCC_WARN_UNDECLARED_SELECTOR = YES;
				GCC_WARN_UNINITIALIZED_AUTOS = YES_AGGRESSIVE;
				GCC_WARN_UNUSED_FUNCTION = YES;
				GCC_WARN_UNUSED_VARIABLE = YES;
				IPHONEOS_DEPLOYMENT_TARGET = 8.1;
				MTL_ENABLE_DEBUG_INFO = YES;
				ONLY_ACTIVE_ARCH = YES;
				SDKROOT = iphoneos;
				SWIFT_OPTIMIZATION_LEVEL = "-Onone";
				TARGETED_DEVICE_FAMILY = "1,2";
			};
			name = Debug;
		};
		14AB362F1A3F862F009F7C43 /* Release */ = {
			isa = XCBuildConfiguration;
			buildSettings = {
				ALWAYS_SEARCH_USER_PATHS = NO;
				CLANG_CXX_LANGUAGE_STANDARD = "gnu++0x";
				CLANG_CXX_LIBRARY = "libc++";
				CLANG_ENABLE_MODULES = YES;
				CLANG_ENABLE_OBJC_ARC = YES;
				CLANG_WARN_BOOL_CONVERSION = YES;
				CLANG_WARN_CONSTANT_CONVERSION = YES;
				CLANG_WARN_DIRECT_OBJC_ISA_USAGE = YES_ERROR;
				CLANG_WARN_EMPTY_BODY = YES;
				CLANG_WARN_ENUM_CONVERSION = YES;
				CLANG_WARN_INT_CONVERSION = YES;
				CLANG_WARN_OBJC_ROOT_CLASS = YES_ERROR;
				CLANG_WARN_UNREACHABLE_CODE = YES;
				CLANG_WARN__DUPLICATE_METHOD_MATCH = YES;
				"CODE_SIGN_IDENTITY[sdk=iphoneos*]" = "iPhone Developer";
				COPY_PHASE_STRIP = YES;
				ENABLE_NS_ASSERTIONS = NO;
				ENABLE_STRICT_OBJC_MSGSEND = YES;
				GCC_C_LANGUAGE_STANDARD = gnu99;
				GCC_WARN_64_TO_32_BIT_CONVERSION = YES;
				GCC_WARN_ABOUT_RETURN_TYPE = YES_ERROR;
				GCC_WARN_UNDECLARED_SELECTOR = YES;
				GCC_WARN_UNINITIALIZED_AUTOS = YES_AGGRESSIVE;
				GCC_WARN_UNUSED_FUNCTION = YES;
				GCC_WARN_UNUSED_VARIABLE = YES;
				IPHONEOS_DEPLOYMENT_TARGET = 8.1;
				MTL_ENABLE_DEBUG_INFO = NO;
				SDKROOT = iphoneos;
				TARGETED_DEVICE_FAMILY = "1,2";
				VALIDATE_PRODUCT = YES;
			};
			name = Release;
		};
		14AB36311A3F862F009F7C43 /* Debug */ = {
			isa = XCBuildConfiguration;
			buildSettings = {
				ASSETCATALOG_COMPILER_APPICON_NAME = AppIcon;
				INFOPLIST_FILE = ExchangeAGram/Info.plist;
				LD_RUNPATH_SEARCH_PATHS = "$(inherited) @executable_path/Frameworks";
				PRODUCT_NAME = "$(TARGET_NAME)";
			};
			name = Debug;
		};
		14AB36321A3F862F009F7C43 /* Release */ = {
			isa = XCBuildConfiguration;
			buildSettings = {
				ASSETCATALOG_COMPILER_APPICON_NAME = AppIcon;
				INFOPLIST_FILE = ExchangeAGram/Info.plist;
				LD_RUNPATH_SEARCH_PATHS = "$(inherited) @executable_path/Frameworks";
				PRODUCT_NAME = "$(TARGET_NAME)";
			};
			name = Release;
		};
		14AB36341A3F862F009F7C43 /* Debug */ = {
			isa = XCBuildConfiguration;
			buildSettings = {
				BUNDLE_LOADER = "$(TEST_HOST)";
				FRAMEWORK_SEARCH_PATHS = (
					"$(SDKROOT)/Developer/Library/Frameworks",
					"$(inherited)",
				);
				GCC_PREPROCESSOR_DEFINITIONS = (
					"DEBUG=1",
					"$(inherited)",
				);
				INFOPLIST_FILE = ExchangeAGramTests/Info.plist;
				LD_RUNPATH_SEARCH_PATHS = "$(inherited) @executable_path/Frameworks @loader_path/Frameworks";
				PRODUCT_NAME = "$(TARGET_NAME)";
				TEST_HOST = "$(BUILT_PRODUCTS_DIR)/ExchangeAGram.app/ExchangeAGram";
			};
			name = Debug;
		};
		14AB36351A3F862F009F7C43 /* Release */ = {
			isa = XCBuildConfiguration;
			buildSettings = {
				BUNDLE_LOADER = "$(TEST_HOST)";
				FRAMEWORK_SEARCH_PATHS = (
					"$(SDKROOT)/Developer/Library/Frameworks",
					"$(inherited)",
				);
				INFOPLIST_FILE = ExchangeAGramTests/Info.plist;
				LD_RUNPATH_SEARCH_PATHS = "$(inherited) @executable_path/Frameworks @loader_path/Frameworks";
				PRODUCT_NAME = "$(TARGET_NAME)";
				TEST_HOST = "$(BUILT_PRODUCTS_DIR)/ExchangeAGram.app/ExchangeAGram";
			};
			name = Release;
		};
/* End XCBuildConfiguration section */

/* Begin XCConfigurationList section */
		14AB36091A3F862F009F7C43 /* Build configuration list for PBXProject "ExchangeAGram" */ = {
			isa = XCConfigurationList;
			buildConfigurations = (
				14AB362E1A3F862F009F7C43 /* Debug */,
				14AB362F1A3F862F009F7C43 /* Release */,
			);
			defaultConfigurationIsVisible = 0;
			defaultConfigurationName = Release;
		};
		14AB36301A3F862F009F7C43 /* Build configuration list for PBXNativeTarget "ExchangeAGram" */ = {
			isa = XCConfigurationList;
			buildConfigurations = (
				14AB36311A3F862F009F7C43 /* Debug */,
				14AB36321A3F862F009F7C43 /* Release */,
			);
			defaultConfigurationIsVisible = 0;
			defaultConfigurationName = Release;
		};
		14AB36331A3F862F009F7C43 /* Build configuration list for PBXNativeTarget "ExchangeAGramTests" */ = {
			isa = XCConfigurationList;
			buildConfigurations = (
				14AB36341A3F862F009F7C43 /* Debug */,
				14AB36351A3F862F009F7C43 /* Release */,
			);
			defaultConfigurationIsVisible = 0;
			defaultConfigurationName = Release;
		};
/* End XCConfigurationList section */

/* Begin XCVersionGroup section */
		14AB36151A3F862F009F7C43 /* ExchangeAGram.xcdatamodeld */ = {
			isa = XCVersionGroup;
			children = (
				14AB36161A3F862F009F7C43 /* ExchangeAGram.xcdatamodel */,
			);
			currentVersion = 14AB36161A3F862F009F7C43 /* ExchangeAGram.xcdatamodel */;
			path = ExchangeAGram.xcdatamodeld;
			sourceTree = "<group>";
			versionGroupType = wrapper.xcdatamodel;
		};
/* End XCVersionGroup section */
	};
	rootObject = 14AB36061A3F862F009F7C43 /* Project object */;
}
